PODS:
  - boost (1.83.0)
  - DoubleConversion (1.1.6)
  - FBLazyVector (0.74.30)
  - fmt (9.1.0)
  - FRNAvatar (0.21.19):
    - MicrosoftFluentUI (= 0.13.1)
    - React
  - FRNCallout (0.27.17):
    - DoubleConversion
    - glog
    - RCT-Folly (= 2024.01.01.00)
    - RCTRequired
    - RCTTypeSafety
    - React
    - React-Codegen
    - React-Core
    - React-debug
    - React-Fabric
    - React-featureflags
    - React-graphics
    - React-ImageManager
    - React-jsi
    - React-NativeModulesApple
    - React-RCTFabric
    - React-rendererdebug
    - React-utils
    - ReactCommon/turbomodule/bridging
    - ReactCommon/turbomodule/core
    - Yoga
  - FRNCheckbox (0.17.24):
    - React
  - FRNMenuButton (0.13.37):
    - React
  - FRNRadioButton (0.21.31):
    - React
  - FRNVibrancyView (0.3.5):
    - React
  - glog (0.3.5)
  - MicrosoftFluentUI (0.13.1):
    - MicrosoftFluentUI/ActivityIndicator_ios (= 0.13.1)
    - MicrosoftFluentUI/Appearance_mac (= 0.13.1)
    - MicrosoftFluentUI/Avatar_ios (= 0.13.1)
    - MicrosoftFluentUI/AvatarGroup_ios (= 0.13.1)
    - MicrosoftFluentUI/AvatarView_mac (= 0.13.1)
    - MicrosoftFluentUI/BadgeField_ios (= 0.13.1)
    - MicrosoftFluentUI/BadgeView_mac (= 0.13.1)
    - MicrosoftFluentUI/BarButtonItems_ios (= 0.13.1)
    - MicrosoftFluentUI/BottomCommanding_ios (= 0.13.1)
    - MicrosoftFluentUI/BottomSheet_ios (= 0.13.1)
    - MicrosoftFluentUI/Button_ios (= 0.13.1)
    - MicrosoftFluentUI/Button_mac (= 0.13.1)
    - MicrosoftFluentUI/Calendar_ios (= 0.13.1)
    - MicrosoftFluentUI/Card_ios (= 0.13.1)
    - MicrosoftFluentUI/CardNudge_ios (= 0.13.1)
    - MicrosoftFluentUI/CommandBar_ios (= 0.13.1)
    - MicrosoftFluentUI/Core_ios (= 0.13.1)
    - MicrosoftFluentUI/Core_mac (= 0.13.1)
    - MicrosoftFluentUI/DatePicker_mac (= 0.13.1)
    - MicrosoftFluentUI/Divider_ios (= 0.13.1)
    - MicrosoftFluentUI/DotView_ios (= 0.13.1)
    - MicrosoftFluentUI/Drawer_ios (= 0.13.1)
    - MicrosoftFluentUI/DynamicColor_mac (= 0.13.1)
    - MicrosoftFluentUI/EasyTapButton_ios (= 0.13.1)
    - MicrosoftFluentUI/HUD_ios (= 0.13.1)
    - MicrosoftFluentUI/IndeterminateProgressBar_ios (= 0.13.1)
    - MicrosoftFluentUI/Label_ios (= 0.13.1)
    - MicrosoftFluentUI/Link_mac (= 0.13.1)
    - MicrosoftFluentUI/Navigation_ios (= 0.13.1)
    - MicrosoftFluentUI/Notification_ios (= 0.13.1)
    - MicrosoftFluentUI/Obscurable_ios (= 0.13.1)
    - MicrosoftFluentUI/OtherCells_ios (= 0.13.1)
    - MicrosoftFluentUI/PeoplePicker_ios (= 0.13.1)
    - MicrosoftFluentUI/PersonaButton_ios (= 0.13.1)
    - MicrosoftFluentUI/PersonaButtonCarousel_ios (= 0.13.1)
    - MicrosoftFluentUI/PillButtonBar_ios (= 0.13.1)
    - MicrosoftFluentUI/PopupMenu_ios (= 0.13.1)
    - MicrosoftFluentUI/Presenters_ios (= 0.13.1)
    - MicrosoftFluentUI/ResizingHandleView_ios (= 0.13.1)
    - MicrosoftFluentUI/SegmentedControl_ios (= 0.13.1)
    - MicrosoftFluentUI/Separator_ios (= 0.13.1)
    - MicrosoftFluentUI/Separator_mac (= 0.13.1)
    - MicrosoftFluentUI/Shimmer_ios (= 0.13.1)
    - MicrosoftFluentUI/TabBar_ios (= 0.13.1)
    - MicrosoftFluentUI/TableView_ios (= 0.13.1)
    - MicrosoftFluentUI/Tooltip_ios (= 0.13.1)
    - MicrosoftFluentUI/TouchForwardingView_ios (= 0.13.1)
    - MicrosoftFluentUI/TwoLineTitleView_ios (= 0.13.1)
    - MicrosoftFluentUI/Utilities_ios (= 0.13.1)
  - MicrosoftFluentUI/Appearance_mac (0.13.1)
  - MicrosoftFluentUI/AvatarView_mac (0.13.1):
    - MicrosoftFluentUI/Core_mac
    - MicrosoftFluentUI/DynamicColor_mac
  - MicrosoftFluentUI/BadgeView_mac (0.13.1):
    - MicrosoftFluentUI/Core_mac
    - MicrosoftFluentUI/DynamicColor_mac
  - MicrosoftFluentUI/Button_mac (0.13.1):
    - MicrosoftFluentUI/Core_mac
  - MicrosoftFluentUI/Core_mac (0.13.1)
  - MicrosoftFluentUI/DatePicker_mac (0.13.1):
    - MicrosoftFluentUI/Appearance_mac
    - MicrosoftFluentUI/Core_mac
  - MicrosoftFluentUI/DynamicColor_mac (0.13.1):
    - MicrosoftFluentUI/Appearance_mac
  - MicrosoftFluentUI/Link_mac (0.13.1):
    - MicrosoftFluentUI/Core_mac
  - MicrosoftFluentUI/Separator_mac (0.13.1):
    - MicrosoftFluentUI/Core_mac
  - RCT-Folly (2024.01.01.00):
    - boost
    - DoubleConversion
    - fmt (= 9.1.0)
    - glog
    - RCT-Folly/Default (= 2024.01.01.00)
  - RCT-Folly/Default (2024.01.01.00):
    - boost
    - DoubleConversion
    - fmt (= 9.1.0)
    - glog
  - RCT-Folly/Fabric (2024.01.01.00):
    - boost
    - DoubleConversion
    - fmt (= 9.1.0)
    - glog
  - RCTDeprecation (0.74.30)
  - RCTFocusZone (0.21.15):
    - React
  - RCTRequired (0.74.30)
  - RCTTypeSafety (0.74.30):
    - FBLazyVector (= 0.74.30)
    - RCTRequired (= 0.74.30)
    - React-Core (= 0.74.30)
  - React (0.74.30):
    - React-Core (= 0.74.30)
    - React-Core/DevSupport (= 0.74.30)
    - React-Core/RCTWebSocket (= 0.74.30)
    - React-RCTActionSheet (= 0.74.30)
    - React-RCTAnimation (= 0.74.30)
    - React-RCTBlob (= 0.74.30)
    - React-RCTImage (= 0.74.30)
    - React-RCTLinking (= 0.74.30)
    - React-RCTNetwork (= 0.74.30)
    - React-RCTSettings (= 0.74.30)
    - React-RCTText (= 0.74.30)
    - React-RCTVibration (= 0.74.30)
  - React-callinvoker (0.74.30)
  - React-Codegen (0.74.30):
    - DoubleConversion
    - glog
    - RCT-Folly
    - RCTRequired
    - RCTTypeSafety
    - React-Core
    - React-debug
    - React-Fabric
    - React-FabricImage
    - React-featureflags
    - React-graphics
    - React-jsc
    - React-jsi
    - React-jsiexecutor
    - React-NativeModulesApple
    - React-rendererdebug
    - React-utils
    - ReactCommon/turbomodule/bridging
    - ReactCommon/turbomodule/core
  - React-Core (0.74.30):
    - glog
    - RCT-Folly (= 2024.01.01.00)
    - RCTDeprecation
    - React-Core/Default (= 0.74.30)
    - React-cxxreact
    - React-featureflags
    - React-jsc
    - React-jsi
    - React-jsiexecutor
    - React-jsinspector
    - React-perflogger
    - React-runtimescheduler
    - React-utils
    - SocketRocket (= 0.7.0)
    - Yoga
  - React-Core/CoreModulesHeaders (0.74.30):
    - glog
    - RCT-Folly (= 2024.01.01.00)
    - RCTDeprecation
    - React-Core/Default
    - React-cxxreact
    - React-featureflags
    - React-jsc
    - React-jsi
    - React-jsiexecutor
    - React-jsinspector
    - React-perflogger
    - React-runtimescheduler
    - React-utils
    - SocketRocket (= 0.7.0)
    - Yoga
  - React-Core/Default (0.74.30):
    - glog
    - RCT-Folly (= 2024.01.01.00)
    - RCTDeprecation
    - React-cxxreact
    - React-featureflags
    - React-jsc
    - React-jsi
    - React-jsiexecutor
    - React-jsinspector
    - React-perflogger
    - React-runtimescheduler
    - React-utils
    - SocketRocket (= 0.7.0)
    - Yoga
  - React-Core/DevSupport (0.74.30):
    - glog
    - RCT-Folly (= 2024.01.01.00)
    - RCTDeprecation
    - React-Core/Default (= 0.74.30)
    - React-Core/RCTWebSocket (= 0.74.30)
    - React-cxxreact
    - React-featureflags
    - React-jsc
    - React-jsi
    - React-jsiexecutor
    - React-jsinspector
    - React-perflogger
    - React-runtimescheduler
    - React-utils
    - SocketRocket (= 0.7.0)
    - Yoga
  - React-Core/RCTActionSheetHeaders (0.74.30):
    - glog
    - RCT-Folly (= 2024.01.01.00)
    - RCTDeprecation
    - React-Core/Default
    - React-cxxreact
    - React-featureflags
    - React-jsc
    - React-jsi
    - React-jsiexecutor
    - React-jsinspector
    - React-perflogger
    - React-runtimescheduler
    - React-utils
    - SocketRocket (= 0.7.0)
    - Yoga
  - React-Core/RCTAnimationHeaders (0.74.30):
    - glog
    - RCT-Folly (= 2024.01.01.00)
    - RCTDeprecation
    - React-Core/Default
    - React-cxxreact
    - React-featureflags
    - React-jsc
    - React-jsi
    - React-jsiexecutor
    - React-jsinspector
    - React-perflogger
    - React-runtimescheduler
    - React-utils
    - SocketRocket (= 0.7.0)
    - Yoga
  - React-Core/RCTBlobHeaders (0.74.30):
    - glog
    - RCT-Folly (= 2024.01.01.00)
    - RCTDeprecation
    - React-Core/Default
    - React-cxxreact
    - React-featureflags
    - React-jsc
    - React-jsi
    - React-jsiexecutor
    - React-jsinspector
    - React-perflogger
    - React-runtimescheduler
    - React-utils
    - SocketRocket (= 0.7.0)
    - Yoga
  - React-Core/RCTImageHeaders (0.74.30):
    - glog
    - RCT-Folly (= 2024.01.01.00)
    - RCTDeprecation
    - React-Core/Default
    - React-cxxreact
    - React-featureflags
    - React-jsc
    - React-jsi
    - React-jsiexecutor
    - React-jsinspector
    - React-perflogger
    - React-runtimescheduler
    - React-utils
    - SocketRocket (= 0.7.0)
    - Yoga
  - React-Core/RCTLinkingHeaders (0.74.30):
    - glog
    - RCT-Folly (= 2024.01.01.00)
    - RCTDeprecation
    - React-Core/Default
    - React-cxxreact
    - React-featureflags
    - React-jsc
    - React-jsi
    - React-jsiexecutor
    - React-jsinspector
    - React-perflogger
    - React-runtimescheduler
    - React-utils
    - SocketRocket (= 0.7.0)
    - Yoga
  - React-Core/RCTNetworkHeaders (0.74.30):
    - glog
    - RCT-Folly (= 2024.01.01.00)
    - RCTDeprecation
    - React-Core/Default
    - React-cxxreact
    - React-featureflags
    - React-jsc
    - React-jsi
    - React-jsiexecutor
    - React-jsinspector
    - React-perflogger
    - React-runtimescheduler
    - React-utils
    - SocketRocket (= 0.7.0)
    - Yoga
  - React-Core/RCTSettingsHeaders (0.74.30):
    - glog
    - RCT-Folly (= 2024.01.01.00)
    - RCTDeprecation
    - React-Core/Default
    - React-cxxreact
    - React-featureflags
    - React-jsc
    - React-jsi
    - React-jsiexecutor
    - React-jsinspector
    - React-perflogger
    - React-runtimescheduler
    - React-utils
    - SocketRocket (= 0.7.0)
    - Yoga
  - React-Core/RCTTextHeaders (0.74.30):
    - glog
    - RCT-Folly (= 2024.01.01.00)
    - RCTDeprecation
    - React-Core/Default
    - React-cxxreact
    - React-featureflags
    - React-jsc
    - React-jsi
    - React-jsiexecutor
    - React-jsinspector
    - React-perflogger
    - React-runtimescheduler
    - React-utils
    - SocketRocket (= 0.7.0)
    - Yoga
  - React-Core/RCTVibrationHeaders (0.74.30):
    - glog
    - RCT-Folly (= 2024.01.01.00)
    - RCTDeprecation
    - React-Core/Default
    - React-cxxreact
    - React-featureflags
    - React-jsc
    - React-jsi
    - React-jsiexecutor
    - React-jsinspector
    - React-perflogger
    - React-runtimescheduler
    - React-utils
    - SocketRocket (= 0.7.0)
    - Yoga
  - React-Core/RCTWebSocket (0.74.30):
    - glog
    - RCT-Folly (= 2024.01.01.00)
    - RCTDeprecation
    - React-Core/Default (= 0.74.30)
    - React-cxxreact
    - React-featureflags
    - React-jsc
    - React-jsi
    - React-jsiexecutor
    - React-jsinspector
    - React-perflogger
    - React-runtimescheduler
    - React-utils
    - SocketRocket (= 0.7.0)
    - Yoga
  - React-CoreModules (0.74.30):
    - DoubleConversion
    - fmt (= 9.1.0)
    - RCT-Folly (= 2024.01.01.00)
    - RCTTypeSafety (= 0.74.30)
    - React-Codegen
    - React-Core/CoreModulesHeaders (= 0.74.30)
    - React-jsi (= 0.74.30)
    - React-jsinspector
    - React-NativeModulesApple
    - React-RCTBlob
    - React-RCTImage (= 0.74.30)
    - ReactCommon
    - SocketRocket (= 0.7.0)
  - React-cxxreact (0.74.30):
    - boost (= 1.83.0)
    - DoubleConversion
    - fmt (= 9.1.0)
    - glog
    - RCT-Folly (= 2024.01.01.00)
    - React-callinvoker (= 0.74.30)
    - React-debug (= 0.74.30)
    - React-jsi (= 0.74.30)
    - React-jsinspector
    - React-logger (= 0.74.30)
    - React-perflogger (= 0.74.30)
    - React-runtimeexecutor (= 0.74.30)
  - React-debug (0.74.30)
  - React-Fabric (0.74.30):
    - DoubleConversion
    - fmt (= 9.1.0)
    - glog
    - RCT-Folly/Fabric (= 2024.01.01.00)
    - RCTRequired
    - RCTTypeSafety
    - React-Core
    - React-cxxreact
    - React-debug
    - React-Fabric/animations (= 0.74.30)
    - React-Fabric/attributedstring (= 0.74.30)
    - React-Fabric/componentregistry (= 0.74.30)
    - React-Fabric/componentregistrynative (= 0.74.30)
    - React-Fabric/components (= 0.74.30)
    - React-Fabric/core (= 0.74.30)
    - React-Fabric/imagemanager (= 0.74.30)
    - React-Fabric/leakchecker (= 0.74.30)
    - React-Fabric/mounting (= 0.74.30)
    - React-Fabric/scheduler (= 0.74.30)
    - React-Fabric/telemetry (= 0.74.30)
    - React-Fabric/templateprocessor (= 0.74.30)
    - React-Fabric/textlayoutmanager (= 0.74.30)
    - React-Fabric/uimanager (= 0.74.30)
    - React-graphics
    - React-jsc
    - React-jsi
    - React-jsiexecutor
    - React-logger
    - React-rendererdebug
    - React-runtimescheduler
    - React-utils
    - ReactCommon/turbomodule/core
  - React-Fabric/animations (0.74.30):
    - DoubleConversion
    - fmt (= 9.1.0)
    - glog
    - RCT-Folly/Fabric (= 2024.01.01.00)
    - RCTRequired
    - RCTTypeSafety
    - React-Core
    - React-cxxreact
    - React-debug
    - React-graphics
    - React-jsc
    - React-jsi
    - React-jsiexecutor
    - React-logger
    - React-rendererdebug
    - React-runtimescheduler
    - React-utils
    - ReactCommon/turbomodule/core
  - React-Fabric/attributedstring (0.74.30):
    - DoubleConversion
    - fmt (= 9.1.0)
    - glog
    - RCT-Folly/Fabric (= 2024.01.01.00)
    - RCTRequired
    - RCTTypeSafety
    - React-Core
    - React-cxxreact
    - React-debug
    - React-graphics
    - React-jsc
    - React-jsi
    - React-jsiexecutor
    - React-logger
    - React-rendererdebug
    - React-runtimescheduler
    - React-utils
    - ReactCommon/turbomodule/core
  - React-Fabric/componentregistry (0.74.30):
    - DoubleConversion
    - fmt (= 9.1.0)
    - glog
    - RCT-Folly/Fabric (= 2024.01.01.00)
    - RCTRequired
    - RCTTypeSafety
    - React-Core
    - React-cxxreact
    - React-debug
    - React-graphics
    - React-jsc
    - React-jsi
    - React-jsiexecutor
    - React-logger
    - React-rendererdebug
    - React-runtimescheduler
    - React-utils
    - ReactCommon/turbomodule/core
  - React-Fabric/componentregistrynative (0.74.30):
    - DoubleConversion
    - fmt (= 9.1.0)
    - glog
    - RCT-Folly/Fabric (= 2024.01.01.00)
    - RCTRequired
    - RCTTypeSafety
    - React-Core
    - React-cxxreact
    - React-debug
    - React-graphics
    - React-jsc
    - React-jsi
    - React-jsiexecutor
    - React-logger
    - React-rendererdebug
    - React-runtimescheduler
    - React-utils
    - ReactCommon/turbomodule/core
  - React-Fabric/components (0.74.30):
    - DoubleConversion
    - fmt (= 9.1.0)
    - glog
    - RCT-Folly/Fabric (= 2024.01.01.00)
    - RCTRequired
    - RCTTypeSafety
    - React-Core
    - React-cxxreact
    - React-debug
    - React-Fabric/components/inputaccessory (= 0.74.30)
    - React-Fabric/components/legacyviewmanagerinterop (= 0.74.30)
    - React-Fabric/components/modal (= 0.74.30)
    - React-Fabric/components/rncore (= 0.74.30)
    - React-Fabric/components/root (= 0.74.30)
    - React-Fabric/components/safeareaview (= 0.74.30)
    - React-Fabric/components/scrollview (= 0.74.30)
    - React-Fabric/components/text (= 0.74.30)
    - React-Fabric/components/textinput (= 0.74.30)
    - React-Fabric/components/unimplementedview (= 0.74.30)
    - React-Fabric/components/view (= 0.74.30)
    - React-graphics
    - React-jsc
    - React-jsi
    - React-jsiexecutor
    - React-logger
    - React-rendererdebug
    - React-runtimescheduler
    - React-utils
    - ReactCommon/turbomodule/core
  - React-Fabric/components/inputaccessory (0.74.30):
    - DoubleConversion
    - fmt (= 9.1.0)
    - glog
    - RCT-Folly/Fabric (= 2024.01.01.00)
    - RCTRequired
    - RCTTypeSafety
    - React-Core
    - React-cxxreact
    - React-debug
    - React-graphics
    - React-jsc
    - React-jsi
    - React-jsiexecutor
    - React-logger
    - React-rendererdebug
    - React-runtimescheduler
    - React-utils
    - ReactCommon/turbomodule/core
  - React-Fabric/components/legacyviewmanagerinterop (0.74.30):
    - DoubleConversion
    - fmt (= 9.1.0)
    - glog
    - RCT-Folly/Fabric (= 2024.01.01.00)
    - RCTRequired
    - RCTTypeSafety
    - React-Core
    - React-cxxreact
    - React-debug
    - React-graphics
    - React-jsc
    - React-jsi
    - React-jsiexecutor
    - React-logger
    - React-rendererdebug
    - React-runtimescheduler
    - React-utils
    - ReactCommon/turbomodule/core
  - React-Fabric/components/modal (0.74.30):
    - DoubleConversion
    - fmt (= 9.1.0)
    - glog
    - RCT-Folly/Fabric (= 2024.01.01.00)
    - RCTRequired
    - RCTTypeSafety
    - React-Core
    - React-cxxreact
    - React-debug
    - React-graphics
    - React-jsc
    - React-jsi
    - React-jsiexecutor
    - React-logger
    - React-rendererdebug
    - React-runtimescheduler
    - React-utils
    - ReactCommon/turbomodule/core
  - React-Fabric/components/rncore (0.74.30):
    - DoubleConversion
    - fmt (= 9.1.0)
    - glog
    - RCT-Folly/Fabric (= 2024.01.01.00)
    - RCTRequired
    - RCTTypeSafety
    - React-Core
    - React-cxxreact
    - React-debug
    - React-graphics
    - React-jsc
    - React-jsi
    - React-jsiexecutor
    - React-logger
    - React-rendererdebug
    - React-runtimescheduler
    - React-utils
    - ReactCommon/turbomodule/core
  - React-Fabric/components/root (0.74.30):
    - DoubleConversion
    - fmt (= 9.1.0)
    - glog
    - RCT-Folly/Fabric (= 2024.01.01.00)
    - RCTRequired
    - RCTTypeSafety
    - React-Core
    - React-cxxreact
    - React-debug
    - React-graphics
    - React-jsc
    - React-jsi
    - React-jsiexecutor
    - React-logger
    - React-rendererdebug
    - React-runtimescheduler
    - React-utils
    - ReactCommon/turbomodule/core
  - React-Fabric/components/safeareaview (0.74.30):
    - DoubleConversion
    - fmt (= 9.1.0)
    - glog
    - RCT-Folly/Fabric (= 2024.01.01.00)
    - RCTRequired
    - RCTTypeSafety
    - React-Core
    - React-cxxreact
    - React-debug
    - React-graphics
    - React-jsc
    - React-jsi
    - React-jsiexecutor
    - React-logger
    - React-rendererdebug
    - React-runtimescheduler
    - React-utils
    - ReactCommon/turbomodule/core
  - React-Fabric/components/scrollview (0.74.30):
    - DoubleConversion
    - fmt (= 9.1.0)
    - glog
    - RCT-Folly/Fabric (= 2024.01.01.00)
    - RCTRequired
    - RCTTypeSafety
    - React-Core
    - React-cxxreact
    - React-debug
    - React-graphics
    - React-jsc
    - React-jsi
    - React-jsiexecutor
    - React-logger
    - React-rendererdebug
    - React-runtimescheduler
    - React-utils
    - ReactCommon/turbomodule/core
  - React-Fabric/components/text (0.74.30):
    - DoubleConversion
    - fmt (= 9.1.0)
    - glog
    - RCT-Folly/Fabric (= 2024.01.01.00)
    - RCTRequired
    - RCTTypeSafety
    - React-Core
    - React-cxxreact
    - React-debug
    - React-graphics
    - React-jsc
    - React-jsi
    - React-jsiexecutor
    - React-logger
    - React-rendererdebug
    - React-runtimescheduler
    - React-utils
    - ReactCommon/turbomodule/core
  - React-Fabric/components/textinput (0.74.30):
    - DoubleConversion
    - fmt (= 9.1.0)
    - glog
    - RCT-Folly/Fabric (= 2024.01.01.00)
    - RCTRequired
    - RCTTypeSafety
    - React-Core
    - React-cxxreact
    - React-debug
    - React-graphics
    - React-jsc
    - React-jsi
    - React-jsiexecutor
    - React-logger
    - React-rendererdebug
    - React-runtimescheduler
    - React-utils
    - ReactCommon/turbomodule/core
  - React-Fabric/components/unimplementedview (0.74.30):
    - DoubleConversion
    - fmt (= 9.1.0)
    - glog
    - RCT-Folly/Fabric (= 2024.01.01.00)
    - RCTRequired
    - RCTTypeSafety
    - React-Core
    - React-cxxreact
    - React-debug
    - React-graphics
    - React-jsc
    - React-jsi
    - React-jsiexecutor
    - React-logger
    - React-rendererdebug
    - React-runtimescheduler
    - React-utils
    - ReactCommon/turbomodule/core
  - React-Fabric/components/view (0.74.30):
    - DoubleConversion
    - fmt (= 9.1.0)
    - glog
    - RCT-Folly/Fabric (= 2024.01.01.00)
    - RCTRequired
    - RCTTypeSafety
    - React-Core
    - React-cxxreact
    - React-debug
    - React-graphics
    - React-jsc
    - React-jsi
    - React-jsiexecutor
    - React-logger
    - React-rendererdebug
    - React-runtimescheduler
    - React-utils
    - ReactCommon/turbomodule/core
    - Yoga
  - React-Fabric/core (0.74.30):
    - DoubleConversion
    - fmt (= 9.1.0)
    - glog
    - RCT-Folly/Fabric (= 2024.01.01.00)
    - RCTRequired
    - RCTTypeSafety
    - React-Core
    - React-cxxreact
    - React-debug
    - React-graphics
    - React-jsc
    - React-jsi
    - React-jsiexecutor
    - React-logger
    - React-rendererdebug
    - React-runtimescheduler
    - React-utils
    - ReactCommon/turbomodule/core
  - React-Fabric/imagemanager (0.74.30):
    - DoubleConversion
    - fmt (= 9.1.0)
    - glog
    - RCT-Folly/Fabric (= 2024.01.01.00)
    - RCTRequired
    - RCTTypeSafety
    - React-Core
    - React-cxxreact
    - React-debug
    - React-graphics
    - React-jsc
    - React-jsi
    - React-jsiexecutor
    - React-logger
    - React-rendererdebug
    - React-runtimescheduler
    - React-utils
    - ReactCommon/turbomodule/core
  - React-Fabric/leakchecker (0.74.30):
    - DoubleConversion
    - fmt (= 9.1.0)
    - glog
    - RCT-Folly/Fabric (= 2024.01.01.00)
    - RCTRequired
    - RCTTypeSafety
    - React-Core
    - React-cxxreact
    - React-debug
    - React-graphics
    - React-jsc
    - React-jsi
    - React-jsiexecutor
    - React-logger
    - React-rendererdebug
    - React-runtimescheduler
    - React-utils
    - ReactCommon/turbomodule/core
  - React-Fabric/mounting (0.74.30):
    - DoubleConversion
    - fmt (= 9.1.0)
    - glog
    - RCT-Folly/Fabric (= 2024.01.01.00)
    - RCTRequired
    - RCTTypeSafety
    - React-Core
    - React-cxxreact
    - React-debug
    - React-graphics
    - React-jsc
    - React-jsi
    - React-jsiexecutor
    - React-logger
    - React-rendererdebug
    - React-runtimescheduler
    - React-utils
    - ReactCommon/turbomodule/core
  - React-Fabric/scheduler (0.74.30):
    - DoubleConversion
    - fmt (= 9.1.0)
    - glog
    - RCT-Folly/Fabric (= 2024.01.01.00)
    - RCTRequired
    - RCTTypeSafety
    - React-Core
    - React-cxxreact
    - React-debug
    - React-graphics
    - React-jsc
    - React-jsi
    - React-jsiexecutor
    - React-logger
    - React-rendererdebug
    - React-runtimescheduler
    - React-utils
    - ReactCommon/turbomodule/core
  - React-Fabric/telemetry (0.74.30):
    - DoubleConversion
    - fmt (= 9.1.0)
    - glog
    - RCT-Folly/Fabric (= 2024.01.01.00)
    - RCTRequired
    - RCTTypeSafety
    - React-Core
    - React-cxxreact
    - React-debug
    - React-graphics
    - React-jsc
    - React-jsi
    - React-jsiexecutor
    - React-logger
    - React-rendererdebug
    - React-runtimescheduler
    - React-utils
    - ReactCommon/turbomodule/core
  - React-Fabric/templateprocessor (0.74.30):
    - DoubleConversion
    - fmt (= 9.1.0)
    - glog
    - RCT-Folly/Fabric (= 2024.01.01.00)
    - RCTRequired
    - RCTTypeSafety
    - React-Core
    - React-cxxreact
    - React-debug
    - React-graphics
    - React-jsc
    - React-jsi
    - React-jsiexecutor
    - React-logger
    - React-rendererdebug
    - React-runtimescheduler
    - React-utils
    - ReactCommon/turbomodule/core
  - React-Fabric/textlayoutmanager (0.74.30):
    - DoubleConversion
    - fmt (= 9.1.0)
    - glog
    - RCT-Folly/Fabric (= 2024.01.01.00)
    - RCTRequired
    - RCTTypeSafety
    - React-Core
    - React-cxxreact
    - React-debug
    - React-Fabric/uimanager
    - React-graphics
    - React-jsc
    - React-jsi
    - React-jsiexecutor
    - React-logger
    - React-rendererdebug
    - React-runtimescheduler
    - React-utils
    - ReactCommon/turbomodule/core
  - React-Fabric/uimanager (0.74.30):
    - DoubleConversion
    - fmt (= 9.1.0)
    - glog
    - RCT-Folly/Fabric (= 2024.01.01.00)
    - RCTRequired
    - RCTTypeSafety
    - React-Core
    - React-cxxreact
    - React-debug
    - React-graphics
    - React-jsc
    - React-jsi
    - React-jsiexecutor
    - React-logger
    - React-rendererdebug
    - React-runtimescheduler
    - React-utils
    - ReactCommon/turbomodule/core
  - React-FabricImage (0.74.30):
    - DoubleConversion
    - fmt (= 9.1.0)
    - glog
    - RCT-Folly/Fabric (= 2024.01.01.00)
    - RCTRequired (= 0.74.30)
    - RCTTypeSafety (= 0.74.30)
    - React-Fabric
    - React-graphics
    - React-ImageManager
    - React-jsc
    - React-jsi
    - React-jsiexecutor (= 0.74.30)
    - React-logger
    - React-rendererdebug
    - React-utils
    - ReactCommon
    - Yoga
  - React-featureflags (0.74.30)
  - React-graphics (0.74.30):
    - DoubleConversion
    - fmt (= 9.1.0)
    - glog
    - RCT-Folly/Fabric (= 2024.01.01.00)
    - React-Core/Default (= 0.74.30)
    - React-utils
  - React-ImageManager (0.74.30):
    - glog
    - RCT-Folly/Fabric
    - React-Core/Default
    - React-debug
    - React-Fabric
    - React-graphics
    - React-rendererdebug
    - React-utils
  - React-jsc (0.74.30):
    - React-jsc/Fabric (= 0.74.30)
    - React-jsi (= 0.74.30)
  - React-jsc/Fabric (0.74.30):
    - React-jsi (= 0.74.30)
  - React-jserrorhandler (0.74.30):
    - RCT-Folly/Fabric (= 2024.01.01.00)
    - React-debug
    - React-jsi
    - React-Mapbuffer
  - React-jsi (0.74.30):
    - boost (= 1.83.0)
    - DoubleConversion
    - fmt (= 9.1.0)
    - glog
    - RCT-Folly (= 2024.01.01.00)
  - React-jsiexecutor (0.74.30):
    - DoubleConversion
    - fmt (= 9.1.0)
    - glog
    - RCT-Folly (= 2024.01.01.00)
    - React-cxxreact (= 0.74.30)
    - React-jsi (= 0.74.30)
    - React-jsinspector
    - React-perflogger (= 0.74.30)
  - React-jsinspector (0.74.30):
    - DoubleConversion
    - glog
    - RCT-Folly (= 2024.01.01.00)
    - React-featureflags
    - React-jsi
    - React-runtimeexecutor (= 0.74.30)
  - React-jsitracing (0.74.30):
    - React-jsi
  - React-logger (0.74.30):
    - glog
  - React-Mapbuffer (0.74.30):
    - glog
    - React-debug
  - React-nativeconfig (0.74.30)
  - React-NativeModulesApple (0.74.30):
    - glog
    - React-callinvoker
    - React-Core
    - React-cxxreact
    - React-jsc
    - React-jsi
    - React-jsinspector
    - React-runtimeexecutor
    - ReactCommon/turbomodule/bridging
    - ReactCommon/turbomodule/core
  - React-perflogger (0.74.30)
  - React-RCTActionSheet (0.74.30):
    - React-Core/RCTActionSheetHeaders (= 0.74.30)
  - React-RCTAnimation (0.74.30):
    - RCT-Folly (= 2024.01.01.00)
    - RCTTypeSafety
    - React-Codegen
    - React-Core/RCTAnimationHeaders
    - React-jsi
    - React-NativeModulesApple
    - ReactCommon
  - React-RCTAppDelegate (0.74.30):
    - RCT-Folly (= 2024.01.01.00)
    - RCTRequired
    - RCTTypeSafety
    - React-Codegen
    - React-Core
    - React-CoreModules
    - React-debug
    - React-Fabric
    - React-featureflags
    - React-graphics
    - React-jsc
    - React-nativeconfig
    - React-NativeModulesApple
    - React-RCTFabric
    - React-RCTImage
    - React-RCTNetwork
    - React-rendererdebug
    - React-RuntimeApple
    - React-RuntimeCore
    - React-runtimescheduler
    - React-utils
    - ReactCommon
  - React-RCTBlob (0.74.30):
    - DoubleConversion
    - fmt (= 9.1.0)
    - RCT-Folly (= 2024.01.01.00)
    - React-Codegen
    - React-Core/RCTBlobHeaders
    - React-Core/RCTWebSocket
    - React-jsi
    - React-jsinspector
    - React-NativeModulesApple
    - React-RCTNetwork
    - ReactCommon
  - React-RCTFabric (0.74.30):
    - glog
    - RCT-Folly/Fabric (= 2024.01.01.00)
    - React-Core
    - React-debug
    - React-Fabric
    - React-FabricImage
    - React-featureflags
    - React-graphics
    - React-ImageManager
    - React-jsc
    - React-jsi
    - React-jsinspector
    - React-nativeconfig
    - React-RCTImage
    - React-RCTText
    - React-rendererdebug
    - React-runtimescheduler
    - React-utils
    - Yoga
  - React-RCTImage (0.74.30):
    - RCT-Folly (= 2024.01.01.00)
    - RCTTypeSafety
    - React-Codegen
    - React-Core/RCTImageHeaders
    - React-jsi
    - React-NativeModulesApple
    - React-RCTNetwork
    - ReactCommon
  - React-RCTLinking (0.74.30):
    - React-Codegen
    - React-Core/RCTLinkingHeaders (= 0.74.30)
    - React-jsi (= 0.74.30)
    - React-NativeModulesApple
    - ReactCommon
    - ReactCommon/turbomodule/core (= 0.74.30)
  - React-RCTNetwork (0.74.30):
    - RCT-Folly (= 2024.01.01.00)
    - RCTTypeSafety
    - React-Codegen
    - React-Core/RCTNetworkHeaders
    - React-jsi
    - React-NativeModulesApple
    - ReactCommon
  - React-RCTSettings (0.74.30):
    - RCT-Folly (= 2024.01.01.00)
    - RCTTypeSafety
    - React-Codegen
    - React-Core/RCTSettingsHeaders
    - React-jsi
    - React-NativeModulesApple
    - ReactCommon
  - React-RCTText (0.74.30):
    - React-Core/RCTTextHeaders (= 0.74.30)
    - Yoga
  - React-RCTVibration (0.74.30):
    - RCT-Folly (= 2024.01.01.00)
    - React-Codegen
    - React-Core/RCTVibrationHeaders
    - React-jsi
    - React-NativeModulesApple
    - ReactCommon
  - React-rendererdebug (0.74.30):
    - DoubleConversion
    - fmt (= 9.1.0)
    - RCT-Folly (= 2024.01.01.00)
    - React-debug
  - React-rncore (0.74.30)
  - React-RuntimeApple (0.74.30):
    - RCT-Folly/Fabric (= 2024.01.01.00)
    - React-callinvoker
    - React-Core/Default
    - React-CoreModules
    - React-cxxreact
    - React-jsc
    - React-jserrorhandler
    - React-jsi
    - React-jsiexecutor
    - React-jsinspector
    - React-Mapbuffer
    - React-NativeModulesApple
    - React-RCTFabric
    - React-RuntimeCore
    - React-runtimeexecutor
    - React-utils
  - React-RuntimeCore (0.74.30):
    - glog
    - RCT-Folly/Fabric (= 2024.01.01.00)
    - React-cxxreact
    - React-featureflags
    - React-jsc
    - React-jserrorhandler
    - React-jsi
    - React-jsiexecutor
    - React-jsinspector
    - React-runtimeexecutor
    - React-runtimescheduler
    - React-utils
  - React-runtimeexecutor (0.74.30):
    - React-jsi (= 0.74.30)
  - React-runtimescheduler (0.74.30):
    - glog
    - RCT-Folly (= 2024.01.01.00)
    - React-callinvoker
    - React-cxxreact
    - React-debug
    - React-featureflags
    - React-jsc
    - React-jsi
    - React-rendererdebug
    - React-runtimeexecutor
    - React-utils
  - React-utils (0.74.30):
    - glog
    - RCT-Folly (= 2024.01.01.00)
    - React-debug
    - React-jsc
    - React-jsi (= 0.74.30)
  - ReactCommon (0.74.30):
    - ReactCommon/turbomodule (= 0.74.30)
  - ReactCommon/turbomodule (0.74.30):
    - DoubleConversion
    - fmt (= 9.1.0)
    - glog
    - RCT-Folly (= 2024.01.01.00)
    - React-callinvoker (= 0.74.30)
    - React-cxxreact (= 0.74.30)
    - React-jsi (= 0.74.30)
    - React-logger (= 0.74.30)
    - React-perflogger (= 0.74.30)
    - ReactCommon/turbomodule/bridging (= 0.74.30)
    - ReactCommon/turbomodule/core (= 0.74.30)
  - ReactCommon/turbomodule/bridging (0.74.30):
    - DoubleConversion
    - fmt (= 9.1.0)
    - glog
    - RCT-Folly (= 2024.01.01.00)
    - React-callinvoker (= 0.74.30)
    - React-cxxreact (= 0.74.30)
    - React-jsi (= 0.74.30)
    - React-logger (= 0.74.30)
    - React-perflogger (= 0.74.30)
  - ReactCommon/turbomodule/core (0.74.30):
    - DoubleConversion
    - fmt (= 9.1.0)
    - glog
    - RCT-Folly (= 2024.01.01.00)
    - React-callinvoker (= 0.74.30)
    - React-cxxreact (= 0.74.30)
    - React-debug (= 0.74.30)
    - React-jsi (= 0.74.30)
    - React-logger (= 0.74.30)
    - React-perflogger (= 0.74.30)
    - React-utils (= 0.74.30)
  - ReactNativeHost (0.5.16):
    - DoubleConversion
    - glog
    - RCT-Folly (= 2024.01.01.00)
    - RCTRequired
    - RCTTypeSafety
    - React-Codegen
    - React-Core
    - React-cxxreact
    - React-debug
    - React-Fabric
    - React-featureflags
    - React-graphics
    - React-ImageManager
    - React-jsi
    - React-NativeModulesApple
    - React-RCTFabric
    - React-rendererdebug
    - React-utils
    - ReactCommon/turbomodule/bridging
    - ReactCommon/turbomodule/core
    - Yoga
  - ReactTestApp-DevSupport (3.10.22):
    - React-Core
    - React-jsi
  - ReactTestApp-Resources (1.0.0-dev)
  - RNSVG (15.12.1):
    - React-Core
  - SocketRocket (0.7.0)
  - Yoga (0.0.0)

DEPENDENCIES:
  - boost (from `../node_modules/react-native-macos/third-party-podspecs/boost.podspec`)
  - DoubleConversion (from `../node_modules/react-native-macos/third-party-podspecs/DoubleConversion.podspec`)
  - FBLazyVector (from `../node_modules/react-native-macos/Libraries/FBLazyVector`)
  - fmt (from `../node_modules/react-native-macos/third-party-podspecs/fmt.podspec`)
  - "FRNAvatar (from `../node_modules/@fluentui-react-native/experimental-avatar`)"
  - "FRNCallout (from `../node_modules/@fluentui-react-native/callout`)"
  - "FRNCheckbox (from `../node_modules/@fluentui-react-native/experimental-checkbox`)"
  - "FRNMenuButton (from `../node_modules/@fluentui-react-native/menu-button`)"
  - "FRNRadioButton (from `../node_modules/@fluentui-react-native/radio-group`)"
  - "FRNVibrancyView (from `../node_modules/@fluentui-react-native/vibrancy-view`)"
  - glog (from `../node_modules/react-native-macos/third-party-podspecs/glog.podspec`)
  - RCT-Folly (from `../node_modules/react-native-macos/third-party-podspecs/RCT-Folly.podspec`)
  - RCT-Folly/Fabric (from `../node_modules/react-native-macos/third-party-podspecs/RCT-Folly.podspec`)
  - RCTDeprecation (from `../node_modules/react-native-macos/ReactApple/Libraries/RCTFoundation/RCTDeprecation`)
  - "RCTFocusZone (from `../node_modules/@fluentui-react-native/focus-zone`)"
  - RCTRequired (from `../node_modules/react-native-macos/Libraries/Required`)
  - RCTTypeSafety (from `../node_modules/react-native-macos/Libraries/TypeSafety`)
  - React (from `../node_modules/react-native-macos/`)
  - React-callinvoker (from `../node_modules/react-native-macos/ReactCommon/callinvoker`)
  - React-Codegen (from `build/generated/ios`)
  - React-Core (from `../node_modules/react-native-macos/`)
  - React-Core/RCTWebSocket (from `../node_modules/react-native-macos/`)
  - React-CoreModules (from `../node_modules/react-native-macos/React/CoreModules`)
  - React-cxxreact (from `../node_modules/react-native-macos/ReactCommon/cxxreact`)
  - React-debug (from `../node_modules/react-native-macos/ReactCommon/react/debug`)
  - React-Fabric (from `../node_modules/react-native-macos/ReactCommon`)
  - React-FabricImage (from `../node_modules/react-native-macos/ReactCommon`)
  - React-featureflags (from `../node_modules/react-native-macos/ReactCommon/react/featureflags`)
  - React-graphics (from `../node_modules/react-native-macos/ReactCommon/react/renderer/graphics`)
  - React-ImageManager (from `../node_modules/react-native-macos/ReactCommon/react/renderer/imagemanager/platform/ios`)
  - React-jsc (from `../node_modules/react-native-macos/ReactCommon/jsc`)
  - React-jserrorhandler (from `../node_modules/react-native-macos/ReactCommon/jserrorhandler`)
  - React-jsi (from `../node_modules/react-native-macos/ReactCommon/jsi`)
  - React-jsiexecutor (from `../node_modules/react-native-macos/ReactCommon/jsiexecutor`)
  - React-jsinspector (from `../node_modules/react-native-macos/ReactCommon/jsinspector-modern`)
  - React-jsitracing (from `../node_modules/react-native-macos/ReactCommon/hermes/executor/`)
  - React-logger (from `../node_modules/react-native-macos/ReactCommon/logger`)
  - React-Mapbuffer (from `../node_modules/react-native-macos/ReactCommon`)
  - React-nativeconfig (from `../node_modules/react-native-macos/ReactCommon`)
  - React-NativeModulesApple (from `../node_modules/react-native-macos/ReactCommon/react/nativemodule/core/platform/ios`)
  - React-perflogger (from `../node_modules/react-native-macos/ReactCommon/reactperflogger`)
  - React-RCTActionSheet (from `../node_modules/react-native-macos/Libraries/ActionSheetIOS`)
  - React-RCTAnimation (from `../node_modules/react-native-macos/Libraries/NativeAnimation`)
  - React-RCTAppDelegate (from `../node_modules/react-native-macos/Libraries/AppDelegate`)
  - React-RCTBlob (from `../node_modules/react-native-macos/Libraries/Blob`)
  - React-RCTFabric (from `../node_modules/react-native-macos/React`)
  - React-RCTImage (from `../node_modules/react-native-macos/Libraries/Image`)
  - React-RCTLinking (from `../node_modules/react-native-macos/Libraries/LinkingIOS`)
  - React-RCTNetwork (from `../node_modules/react-native-macos/Libraries/Network`)
  - React-RCTSettings (from `../node_modules/react-native-macos/Libraries/Settings`)
  - React-RCTText (from `../node_modules/react-native-macos/Libraries/Text`)
  - React-RCTVibration (from `../node_modules/react-native-macos/Libraries/Vibration`)
  - React-rendererdebug (from `../node_modules/react-native-macos/ReactCommon/react/renderer/debug`)
  - React-rncore (from `../node_modules/react-native-macos/ReactCommon`)
  - React-RuntimeApple (from `../node_modules/react-native-macos/ReactCommon/react/runtime/platform/ios`)
  - React-RuntimeCore (from `../node_modules/react-native-macos/ReactCommon/react/runtime`)
  - React-runtimeexecutor (from `../node_modules/react-native-macos/ReactCommon/runtimeexecutor`)
  - React-runtimescheduler (from `../node_modules/react-native-macos/ReactCommon/react/renderer/runtimescheduler`)
  - React-utils (from `../node_modules/react-native-macos/ReactCommon/react/utils`)
  - ReactCommon/turbomodule/core (from `../node_modules/react-native-macos/ReactCommon`)
  - "ReactNativeHost (from `../../../node_modules/.store/react-native-test-app-virtual-5a9c0463e2/node_modules/@rnx-kit/react-native-host`)"
  - ReactTestApp-DevSupport (from `../node_modules/react-native-test-app`)
  - ReactTestApp-Resources (from `..`)
  - RNSVG (from `../node_modules/react-native-svg`)
  - SocketRocket (from `../node_modules/react-native-macos/third-party-podspecs/SocketRocket.podspec`)
  - Yoga (from `../node_modules/react-native-macos/ReactCommon/yoga`)

SPEC REPOS:
  trunk:
    - MicrosoftFluentUI

EXTERNAL SOURCES:
  boost:
    :podspec: "../node_modules/react-native-macos/third-party-podspecs/boost.podspec"
  DoubleConversion:
    :podspec: "../node_modules/react-native-macos/third-party-podspecs/DoubleConversion.podspec"
  FBLazyVector:
    :path: "../node_modules/react-native-macos/Libraries/FBLazyVector"
  fmt:
    :podspec: "../node_modules/react-native-macos/third-party-podspecs/fmt.podspec"
  FRNAvatar:
    :path: "../node_modules/@fluentui-react-native/experimental-avatar"
  FRNCallout:
    :path: "../node_modules/@fluentui-react-native/callout"
  FRNCheckbox:
    :path: "../node_modules/@fluentui-react-native/experimental-checkbox"
  FRNMenuButton:
    :path: "../node_modules/@fluentui-react-native/menu-button"
  FRNRadioButton:
    :path: "../node_modules/@fluentui-react-native/radio-group"
  FRNVibrancyView:
    :path: "../node_modules/@fluentui-react-native/vibrancy-view"
  glog:
    :podspec: "../node_modules/react-native-macos/third-party-podspecs/glog.podspec"
  RCT-Folly:
    :podspec: "../node_modules/react-native-macos/third-party-podspecs/RCT-Folly.podspec"
  RCTDeprecation:
    :path: "../node_modules/react-native-macos/ReactApple/Libraries/RCTFoundation/RCTDeprecation"
  RCTFocusZone:
    :path: "../node_modules/@fluentui-react-native/focus-zone"
  RCTRequired:
    :path: "../node_modules/react-native-macos/Libraries/Required"
  RCTTypeSafety:
    :path: "../node_modules/react-native-macos/Libraries/TypeSafety"
  React:
    :path: "../node_modules/react-native-macos/"
  React-callinvoker:
    :path: "../node_modules/react-native-macos/ReactCommon/callinvoker"
  React-Codegen:
    :path: build/generated/ios
  React-Core:
    :path: "../node_modules/react-native-macos/"
  React-CoreModules:
    :path: "../node_modules/react-native-macos/React/CoreModules"
  React-cxxreact:
    :path: "../node_modules/react-native-macos/ReactCommon/cxxreact"
  React-debug:
    :path: "../node_modules/react-native-macos/ReactCommon/react/debug"
  React-Fabric:
    :path: "../node_modules/react-native-macos/ReactCommon"
  React-FabricImage:
    :path: "../node_modules/react-native-macos/ReactCommon"
  React-featureflags:
    :path: "../node_modules/react-native-macos/ReactCommon/react/featureflags"
  React-graphics:
    :path: "../node_modules/react-native-macos/ReactCommon/react/renderer/graphics"
  React-ImageManager:
    :path: "../node_modules/react-native-macos/ReactCommon/react/renderer/imagemanager/platform/ios"
  React-jsc:
    :path: "../node_modules/react-native-macos/ReactCommon/jsc"
  React-jserrorhandler:
    :path: "../node_modules/react-native-macos/ReactCommon/jserrorhandler"
  React-jsi:
    :path: "../node_modules/react-native-macos/ReactCommon/jsi"
  React-jsiexecutor:
    :path: "../node_modules/react-native-macos/ReactCommon/jsiexecutor"
  React-jsinspector:
    :path: "../node_modules/react-native-macos/ReactCommon/jsinspector-modern"
  React-jsitracing:
    :path: "../node_modules/react-native-macos/ReactCommon/hermes/executor/"
  React-logger:
    :path: "../node_modules/react-native-macos/ReactCommon/logger"
  React-Mapbuffer:
    :path: "../node_modules/react-native-macos/ReactCommon"
  React-nativeconfig:
    :path: "../node_modules/react-native-macos/ReactCommon"
  React-NativeModulesApple:
    :path: "../node_modules/react-native-macos/ReactCommon/react/nativemodule/core/platform/ios"
  React-perflogger:
    :path: "../node_modules/react-native-macos/ReactCommon/reactperflogger"
  React-RCTActionSheet:
    :path: "../node_modules/react-native-macos/Libraries/ActionSheetIOS"
  React-RCTAnimation:
    :path: "../node_modules/react-native-macos/Libraries/NativeAnimation"
  React-RCTAppDelegate:
    :path: "../node_modules/react-native-macos/Libraries/AppDelegate"
  React-RCTBlob:
    :path: "../node_modules/react-native-macos/Libraries/Blob"
  React-RCTFabric:
    :path: "../node_modules/react-native-macos/React"
  React-RCTImage:
    :path: "../node_modules/react-native-macos/Libraries/Image"
  React-RCTLinking:
    :path: "../node_modules/react-native-macos/Libraries/LinkingIOS"
  React-RCTNetwork:
    :path: "../node_modules/react-native-macos/Libraries/Network"
  React-RCTSettings:
    :path: "../node_modules/react-native-macos/Libraries/Settings"
  React-RCTText:
    :path: "../node_modules/react-native-macos/Libraries/Text"
  React-RCTVibration:
    :path: "../node_modules/react-native-macos/Libraries/Vibration"
  React-rendererdebug:
    :path: "../node_modules/react-native-macos/ReactCommon/react/renderer/debug"
  React-rncore:
    :path: "../node_modules/react-native-macos/ReactCommon"
  React-RuntimeApple:
    :path: "../node_modules/react-native-macos/ReactCommon/react/runtime/platform/ios"
  React-RuntimeCore:
    :path: "../node_modules/react-native-macos/ReactCommon/react/runtime"
  React-runtimeexecutor:
    :path: "../node_modules/react-native-macos/ReactCommon/runtimeexecutor"
  React-runtimescheduler:
    :path: "../node_modules/react-native-macos/ReactCommon/react/renderer/runtimescheduler"
  React-utils:
    :path: "../node_modules/react-native-macos/ReactCommon/react/utils"
  ReactCommon:
    :path: "../node_modules/react-native-macos/ReactCommon"
  ReactNativeHost:
    :path: "../../../node_modules/.store/react-native-test-app-virtual-5a9c0463e2/node_modules/@rnx-kit/react-native-host"
  ReactTestApp-DevSupport:
    :path: "../node_modules/react-native-test-app"
  ReactTestApp-Resources:
    :path: ".."
  RNSVG:
    :path: "../node_modules/react-native-svg"
  SocketRocket:
    :podspec: "../node_modules/react-native-macos/third-party-podspecs/SocketRocket.podspec"
  Yoga:
    :path: "../node_modules/react-native-macos/ReactCommon/yoga"

SPEC CHECKSUMS:
  boost: 0686b6af8cbd638c784fea5afb789be66699823c
  DoubleConversion: 5b92c4507c560bb62e7aa1acdf2785ea3ff08b3b
  FBLazyVector: 0aa0591844f7fe4736f3aba70d30232edbd21eb5
  fmt: 03574da4b7ba40de39da59677ca66610ce8c4a02
  FRNAvatar: 52551ea22dbc7be5ecd21abf2baa8b2e3035fc34
  FRNCallout: cc743e926cdb77dfbfb6af71dd955badb32fcd1a
  FRNCheckbox: d19d484a1cfdeba6d3f4aacd6084c2ca4c48f92e
  FRNMenuButton: c8aef02c683585a9e5a5f5cf34f70e9cf63c0b79
  FRNRadioButton: a40075f901604d571e1ef57c6d062327430aefe2
  FRNVibrancyView: be46aaf2b9fe6ec914ea9c55a3ff7fa7e0e7537d
  glog: ba31c1afa7dcf1915a109861bccdb4421be6175b
  MicrosoftFluentUI: dde98d8ed3fc306d9ddd0a6f0bc0c1f24fe5275e
  RCT-Folly: f47da9a444aae485a0528b3bccf0336156009d60
  RCTDeprecation: 6c1d8fdaf3e34933c33a56531bd984bc2d22ef9e
  RCTFocusZone: 07730c51b3fc190dba495b849c9b4d9b1919268c
  RCTRequired: 5266165e3b6c7ca1554c5a75fb4c1ebe1bc60b53
  RCTTypeSafety: ced894df76a17b8f7331d24e2efa862a7a616e89
  React: 620dbf1e10232c8517a8b89d0def5b29e04ad24e
  React-callinvoker: 2acdef913c1f95efd31abb7943c9ba95264497a3
  React-Codegen: b9bf96d15be30413bfbab145bdf9b19781babe97
  React-Core: 769a8aac4e3842027b1bf1913441ab81498583b0
  React-CoreModules: fef7b8696d658c6f45241de38d836a20e4fe26d5
  React-cxxreact: e44b194dceaf0b8176b322560a17f5530a53e91f
  React-debug: cd8417cf1363057a261984741e86b8f07b4e9be9
  React-Fabric: ca53a54d9c7138a80fd7417b36f53c0a6388ae7a
  React-FabricImage: 4042b57a0a0e6e9fdf036e89613c75edbf7c1116
  React-featureflags: 4de8b7256d2bdb74fc6ea58051c92478018e476f
  React-graphics: 8096ba154141cd468e2681b767094691fed9e294
  React-ImageManager: 850b16a9e95638fe95e519d7bb9b46f9f3f5fc25
  React-jsc: ea5bcb8a0fbd873d2788bb96b3933a09a76f5669
  React-jserrorhandler: 684315bd8f5c19050fc09a14813ce041a8fdf06d
  React-jsi: 1eee71aadfb4cf3d3b9a130a271b1e89674e4e56
  React-jsiexecutor: f33d6f9fff135f52b13fe2f969661586ba057942
  React-jsinspector: 31388fd89cca136399aff0512d41ad20c0d607a4
  React-jsitracing: 590634360e531aaf4d58b6337b6997a74f37282f
  React-logger: 1e26b5757eacd2f51328b43a8acc798e27db8070
  React-Mapbuffer: 4fca6e11ce13e34271765095390a669b6599c80a
  React-nativeconfig: e5fb68ec1fa7c403d5bcdefa55f86ee7e0f7cf60
  React-NativeModulesApple: b76921054c2d4dcd55350aac725c67042e7ffc81
  React-perflogger: 42e83e40801bfe5811a9a71ba5120ddd93c66260
  React-RCTActionSheet: 9096e3f3ea68c7f5496e5532b653883c0cd9748e
  React-RCTAnimation: 7384358e889dc47f8c63a7ba9b7f8fc07fbdef04
  React-RCTAppDelegate: c30206b0dabe9a236fd92db382bc7ac97fb795ee
  React-RCTBlob: 69d98edaff10e9e59b072b48abe922d7eeb901e1
  React-RCTFabric: 7d1e184cf5658cbc909745af859bc84d0d7f5dca
  React-RCTImage: 46d1f3e42be092107713634ef970e80bca94ae33
  React-RCTLinking: 4d9d67c8df21909a74e5e50b9c066d6b1af16317
  React-RCTNetwork: 52ca6953ada0553f67ee898f81b2440d54facb92
  React-RCTSettings: 33e3d84bbbcbc153eb830914fb491aaa79a6e7b2
  React-RCTText: 9c149e4eda53eef41654302898b05b43d65b657f
  React-RCTVibration: 86c08aeb5c674fb42745388640294a9f178e7aa1
  React-rendererdebug: 06c40e7a73dbab9ae4ab3e013f3efe526152cc8a
  React-rncore: ae38e87dda8ec897624c9b82a0e0cfda88381a17
  React-RuntimeApple: 0e1d2a039346f612ae49a82fbea48c8561ca106a
  React-RuntimeCore: 184a3f3dad9c9f5552e5c1e7e0d277b92a2b8714
  React-runtimeexecutor: c9ec6bcf34f47eaec8c098e66302f195970772cf
  React-runtimescheduler: abda2da3b75a17017ba04f034deb9cf0eef16734
  React-utils: ac5abf4d2d95d579be3b63fa44b46af2ca38544b
  ReactCommon: 1eab570cb54edc279d28066475dbcf7e5b44c29e
  ReactNativeHost: 4296c5d13fdcafb9cb53f2f3b6ab5e427ab9a6dd
  ReactTestApp-DevSupport: 52ac76197e5accf579592aa3b9aa07fd0766f211
  ReactTestApp-Resources: 3c8739a3e3ed26f67f8ab68f13102fb9591301c8
  RNSVG: d39a9be65c439dfb061955f7615f1f71a51ecede
  SocketRocket: f6c6249082c011e6de2de60ed641ef8bbe0cfac9
  Yoga: bd03cda842f416ba4c2d4b79fcd0fd27e917b91e

PODFILE CHECKSUM: 0452977cf4cb4258cb5f51d6eee0f88e459b9529

COCOAPODS: 1.16.2
