PODS:
  - boost (1.76.0)
  - boost-for-react-native (1.63.0)
  - DoubleConversion (1.1.6)
  - FBLazyVector (0.66.69)
  - FBReactNativeSpec (0.66.69):
    - RCT-Folly (= 2021.06.28.00-v2)
    - RCTRequired (= 0.66.69)
    - RCTTypeSafety (= 0.66.69)
    - React-Core (= 0.66.69)
    - React-jsi (= 0.66.69)
    - ReactCommon/turbomodule/core (= 0.66.69)
  - fmt (6.2.1)
  - FRNAvatar (0.16.1):
    - MicrosoftFluentUI (= 0.6.1)
    - MicrosoftFluentUI/Avatar_ios (= 0.6.1)
    - React
  - FRNCallout (0.21.7):
    - React
  - FRNCheckbox (0.12.10):
    - React
  - FRNMenuButton (0.8.20):
    - React
  - FRNRadioButton (0.15.7):
    - React
  - glog (0.3.5)
  - MicrosoftFluentUI (0.6.1):
    - MicrosoftFluentUI/ActivityIndicator_ios (= 0.6.1)
    - MicrosoftFluentUI/Appearance_mac (= 0.6.1)
    - MicrosoftFluentUI/Avatar_ios (= 0.6.1)
    - MicrosoftFluentUI/AvatarGroup_ios (= 0.6.1)
    - MicrosoftFluentUI/AvatarView_mac (= 0.6.1)
    - MicrosoftFluentUI/BadgeField_ios (= 0.6.1)
    - MicrosoftFluentUI/BadgeView_mac (= 0.6.1)
    - MicrosoftFluentUI/BarButtonItems_ios (= 0.6.1)
    - MicrosoftFluentUI/BottomCommanding_ios (= 0.6.1)
    - MicrosoftFluentUI/BottomSheet_ios (= 0.6.1)
    - MicrosoftFluentUI/Button_ios (= 0.6.1)
    - MicrosoftFluentUI/Button_mac (= 0.6.1)
    - MicrosoftFluentUI/Calendar_ios (= 0.6.1)
    - MicrosoftFluentUI/Card_ios (= 0.6.1)
    - MicrosoftFluentUI/CardNudge_ios (= 0.6.1)
    - MicrosoftFluentUI/CommandBar_ios (= 0.6.1)
    - MicrosoftFluentUI/Core_ios (= 0.6.1)
    - MicrosoftFluentUI/Core_mac (= 0.6.1)
    - MicrosoftFluentUI/DatePicker_mac (= 0.6.1)
    - MicrosoftFluentUI/DotView_ios (= 0.6.1)
    - MicrosoftFluentUI/Drawer_ios (= 0.6.1)
    - MicrosoftFluentUI/DynamicColor_mac (= 0.6.1)
    - MicrosoftFluentUI/EasyTapButton_ios (= 0.6.1)
    - MicrosoftFluentUI/HUD_ios (= 0.6.1)
    - MicrosoftFluentUI/IndeterminateProgressBar_ios (= 0.6.1)
    - MicrosoftFluentUI/Label_ios (= 0.6.1)
    - MicrosoftFluentUI/Link_mac (= 0.6.1)
    - MicrosoftFluentUI/Navigation_ios (= 0.6.1)
    - MicrosoftFluentUI/Notification_ios (= 0.6.1)
    - MicrosoftFluentUI/Obscurable_ios (= 0.6.1)
    - MicrosoftFluentUI/OtherCells_ios (= 0.6.1)
    - MicrosoftFluentUI/PeoplePicker_ios (= 0.6.1)
    - MicrosoftFluentUI/PersonaButton_ios (= 0.6.1)
    - MicrosoftFluentUI/PersonaButtonCarousel_ios (= 0.6.1)
    - MicrosoftFluentUI/PillButtonBar_ios (= 0.6.1)
    - MicrosoftFluentUI/PopupMenu_ios (= 0.6.1)
    - MicrosoftFluentUI/Presenters_ios (= 0.6.1)
    - MicrosoftFluentUI/ResizingHandleView_ios (= 0.6.1)
    - MicrosoftFluentUI/SegmentedControl_ios (= 0.6.1)
    - MicrosoftFluentUI/Separator_ios (= 0.6.1)
    - MicrosoftFluentUI/Separator_mac (= 0.6.1)
    - MicrosoftFluentUI/Shimmer_ios (= 0.6.1)
    - MicrosoftFluentUI/TabBar_ios (= 0.6.1)
    - MicrosoftFluentUI/TableView_ios (= 0.6.1)
    - MicrosoftFluentUI/Tooltip_ios (= 0.6.1)
    - MicrosoftFluentUI/TouchForwardingView_ios (= 0.6.1)
    - MicrosoftFluentUI/TwoLineTitleView_ios (= 0.6.1)
    - MicrosoftFluentUI/Utilities_ios (= 0.6.1)
  - MicrosoftFluentUI/Appearance_mac (0.6.1)
  - MicrosoftFluentUI/AvatarView_mac (0.6.1):
    - MicrosoftFluentUI/Core_mac
    - MicrosoftFluentUI/DynamicColor_mac
  - MicrosoftFluentUI/BadgeView_mac (0.6.1):
    - MicrosoftFluentUI/Core_mac
    - MicrosoftFluentUI/DynamicColor_mac
  - MicrosoftFluentUI/Button_mac (0.6.1):
    - MicrosoftFluentUI/Core_mac
  - MicrosoftFluentUI/Core_mac (0.6.1)
  - MicrosoftFluentUI/DatePicker_mac (0.6.1):
    - MicrosoftFluentUI/Appearance_mac
    - MicrosoftFluentUI/Core_mac
  - MicrosoftFluentUI/DynamicColor_mac (0.6.1):
    - MicrosoftFluentUI/Appearance_mac
  - MicrosoftFluentUI/Link_mac (0.6.1):
    - MicrosoftFluentUI/Core_mac
  - MicrosoftFluentUI/Separator_mac (0.6.1):
    - MicrosoftFluentUI/Core_mac
  - RCT-Folly (2021.06.28.00-v2):
    - boost
    - DoubleConversion
    - fmt (~> 6.2.1)
    - glog
    - RCT-Folly/Default (= 2021.06.28.00-v2)
  - RCT-Folly/Default (2021.06.28.00-v2):
    - boost
    - DoubleConversion
    - fmt (~> 6.2.1)
    - glog
  - RCTFocusZone (0.10.7):
    - React
  - RCTRequired (0.66.69)
  - RCTTypeSafety (0.66.69):
    - FBLazyVector (= 0.66.69)
    - RCT-Folly (= 2021.06.28.00-v2)
    - RCTRequired (= 0.66.69)
    - React-Core (= 0.66.69)
  - React (0.66.69):
    - React-Core (= 0.66.69)
    - React-Core/DevSupport (= 0.66.69)
    - React-Core/RCTWebSocket (= 0.66.69)
    - React-RCTActionSheet (= 0.66.69)
    - React-RCTAnimation (= 0.66.69)
    - React-RCTBlob (= 0.66.69)
    - React-RCTImage (= 0.66.69)
    - React-RCTLinking (= 0.66.69)
    - React-RCTNetwork (= 0.66.69)
    - React-RCTSettings (= 0.66.69)
    - React-RCTText (= 0.66.69)
    - React-RCTVibration (= 0.66.69)
  - React-callinvoker (0.66.69)
  - React-Core (0.66.69):
    - glog
    - RCT-Folly (= 2021.06.28.00-v2)
    - React-Core/Default (= 0.66.69)
    - React-cxxreact (= 0.66.69)
    - React-jsi (= 0.66.69)
    - React-jsiexecutor (= 0.66.69)
    - React-perflogger (= 0.66.69)
    - Yoga
  - React-Core/CoreModulesHeaders (0.66.69):
    - glog
    - RCT-Folly (= 2021.06.28.00-v2)
    - React-Core/Default
    - React-cxxreact (= 0.66.69)
    - React-jsi (= 0.66.69)
    - React-jsiexecutor (= 0.66.69)
    - React-perflogger (= 0.66.69)
    - Yoga
  - React-Core/Default (0.66.69):
    - glog
    - RCT-Folly (= 2021.06.28.00-v2)
    - React-cxxreact (= 0.66.69)
    - React-jsi (= 0.66.69)
    - React-jsiexecutor (= 0.66.69)
    - React-perflogger (= 0.66.69)
    - Yoga
  - React-Core/DevSupport (0.66.69):
    - glog
    - RCT-Folly (= 2021.06.28.00-v2)
    - React-Core/Default (= 0.66.69)
    - React-Core/RCTWebSocket (= 0.66.69)
    - React-cxxreact (= 0.66.69)
    - React-jsi (= 0.66.69)
    - React-jsiexecutor (= 0.66.69)
    - React-jsinspector (= 0.66.69)
    - React-perflogger (= 0.66.69)
    - Yoga
  - React-Core/RCTActionSheetHeaders (0.66.69):
    - glog
    - RCT-Folly (= 2021.06.28.00-v2)
    - React-Core/Default
    - React-cxxreact (= 0.66.69)
    - React-jsi (= 0.66.69)
    - React-jsiexecutor (= 0.66.69)
    - React-perflogger (= 0.66.69)
    - Yoga
  - React-Core/RCTAnimationHeaders (0.66.69):
    - glog
    - RCT-Folly (= 2021.06.28.00-v2)
    - React-Core/Default
    - React-cxxreact (= 0.66.69)
    - React-jsi (= 0.66.69)
    - React-jsiexecutor (= 0.66.69)
    - React-perflogger (= 0.66.69)
    - Yoga
  - React-Core/RCTBlobHeaders (0.66.69):
    - glog
    - RCT-Folly (= 2021.06.28.00-v2)
    - React-Core/Default
    - React-cxxreact (= 0.66.69)
    - React-jsi (= 0.66.69)
    - React-jsiexecutor (= 0.66.69)
    - React-perflogger (= 0.66.69)
    - Yoga
  - React-Core/RCTImageHeaders (0.66.69):
    - glog
    - RCT-Folly (= 2021.06.28.00-v2)
    - React-Core/Default
    - React-cxxreact (= 0.66.69)
    - React-jsi (= 0.66.69)
    - React-jsiexecutor (= 0.66.69)
    - React-perflogger (= 0.66.69)
    - Yoga
  - React-Core/RCTLinkingHeaders (0.66.69):
    - glog
    - RCT-Folly (= 2021.06.28.00-v2)
    - React-Core/Default
    - React-cxxreact (= 0.66.69)
    - React-jsi (= 0.66.69)
    - React-jsiexecutor (= 0.66.69)
    - React-perflogger (= 0.66.69)
    - Yoga
  - React-Core/RCTNetworkHeaders (0.66.69):
    - glog
    - RCT-Folly (= 2021.06.28.00-v2)
    - React-Core/Default
    - React-cxxreact (= 0.66.69)
    - React-jsi (= 0.66.69)
    - React-jsiexecutor (= 0.66.69)
    - React-perflogger (= 0.66.69)
    - Yoga
  - React-Core/RCTSettingsHeaders (0.66.69):
    - glog
    - RCT-Folly (= 2021.06.28.00-v2)
    - React-Core/Default
    - React-cxxreact (= 0.66.69)
    - React-jsi (= 0.66.69)
    - React-jsiexecutor (= 0.66.69)
    - React-perflogger (= 0.66.69)
    - Yoga
  - React-Core/RCTTextHeaders (0.66.69):
    - glog
    - RCT-Folly (= 2021.06.28.00-v2)
    - React-Core/Default
    - React-cxxreact (= 0.66.69)
    - React-jsi (= 0.66.69)
    - React-jsiexecutor (= 0.66.69)
    - React-perflogger (= 0.66.69)
    - Yoga
  - React-Core/RCTVibrationHeaders (0.66.69):
    - glog
    - RCT-Folly (= 2021.06.28.00-v2)
    - React-Core/Default
    - React-cxxreact (= 0.66.69)
    - React-jsi (= 0.66.69)
    - React-jsiexecutor (= 0.66.69)
    - React-perflogger (= 0.66.69)
    - Yoga
  - React-Core/RCTWebSocket (0.66.69):
    - glog
    - RCT-Folly (= 2021.06.28.00-v2)
    - React-Core/Default (= 0.66.69)
    - React-cxxreact (= 0.66.69)
    - React-jsi (= 0.66.69)
    - React-jsiexecutor (= 0.66.69)
    - React-perflogger (= 0.66.69)
    - Yoga
  - React-CoreModules (0.66.69):
    - FBReactNativeSpec (= 0.66.69)
    - RCT-Folly (= 2021.06.28.00-v2)
    - RCTTypeSafety (= 0.66.69)
    - React-Core/CoreModulesHeaders (= 0.66.69)
    - React-jsi (= 0.66.69)
    - React-RCTImage (= 0.66.69)
    - ReactCommon/turbomodule/core (= 0.66.69)
  - React-cxxreact (0.66.69):
    - boost (= 1.76.0)
    - DoubleConversion
    - glog
    - RCT-Folly (= 2021.06.28.00-v2)
    - React-callinvoker (= 0.66.69)
    - React-jsi (= 0.66.69)
    - React-jsinspector (= 0.66.69)
    - React-logger (= 0.66.69)
    - React-perflogger (= 0.66.69)
    - React-runtimeexecutor (= 0.66.69)
  - React-jsi (0.66.69):
    - boost (= 1.76.0)
    - DoubleConversion
    - glog
    - RCT-Folly (= 2021.06.28.00-v2)
    - React-jsi/Default (= 0.66.69)
  - React-jsi/Default (0.66.69):
    - boost (= 1.76.0)
    - DoubleConversion
    - glog
    - RCT-Folly (= 2021.06.28.00-v2)
  - React-jsiexecutor (0.66.69):
    - DoubleConversion
    - glog
    - RCT-Folly (= 2021.06.28.00-v2)
    - React-cxxreact (= 0.66.69)
    - React-jsi (= 0.66.69)
    - React-perflogger (= 0.66.69)
  - React-jsinspector (0.66.69)
  - React-logger (0.66.69):
    - glog
  - React-perflogger (0.66.69)
  - React-RCTActionSheet (0.66.69):
    - React-Core/RCTActionSheetHeaders (= 0.66.69)
  - React-RCTAnimation (0.66.69):
    - FBReactNativeSpec (= 0.66.69)
    - RCT-Folly (= 2021.06.28.00-v2)
    - RCTTypeSafety (= 0.66.69)
    - React-Core/RCTAnimationHeaders (= 0.66.69)
    - React-jsi (= 0.66.69)
    - ReactCommon/turbomodule/core (= 0.66.69)
  - React-RCTBlob (0.66.69):
    - FBReactNativeSpec (= 0.66.69)
    - RCT-Folly (= 2021.06.28.00-v2)
    - React-Core/RCTBlobHeaders (= 0.66.69)
    - React-Core/RCTWebSocket (= 0.66.69)
    - React-jsi (= 0.66.69)
    - React-RCTNetwork (= 0.66.69)
    - ReactCommon/turbomodule/core (= 0.66.69)
  - React-RCTImage (0.66.69):
    - FBReactNativeSpec (= 0.66.69)
    - RCT-Folly (= 2021.06.28.00-v2)
    - RCTTypeSafety (= 0.66.69)
    - React-Core/RCTImageHeaders (= 0.66.69)
    - React-jsi (= 0.66.69)
    - React-RCTNetwork (= 0.66.69)
    - ReactCommon/turbomodule/core (= 0.66.69)
  - React-RCTLinking (0.66.69):
    - FBReactNativeSpec (= 0.66.69)
    - React-Core/RCTLinkingHeaders (= 0.66.69)
    - React-jsi (= 0.66.69)
    - ReactCommon/turbomodule/core (= 0.66.69)
  - React-RCTNetwork (0.66.69):
    - FBReactNativeSpec (= 0.66.69)
    - RCT-Folly (= 2021.06.28.00-v2)
    - RCTTypeSafety (= 0.66.69)
    - React-Core/RCTNetworkHeaders (= 0.66.69)
    - React-jsi (= 0.66.69)
    - ReactCommon/turbomodule/core (= 0.66.69)
  - React-RCTSettings (0.66.69):
    - FBReactNativeSpec (= 0.66.69)
    - RCT-Folly (= 2021.06.28.00-v2)
    - RCTTypeSafety (= 0.66.69)
    - React-Core/RCTSettingsHeaders (= 0.66.69)
    - React-jsi (= 0.66.69)
    - ReactCommon/turbomodule/core (= 0.66.69)
  - React-RCTText (0.66.69):
    - React-Core/RCTTextHeaders (= 0.66.69)
  - React-RCTVibration (0.66.69):
    - FBReactNativeSpec (= 0.66.69)
    - RCT-Folly (= 2021.06.28.00-v2)
    - React-Core/RCTVibrationHeaders (= 0.66.69)
    - React-jsi (= 0.66.69)
    - ReactCommon/turbomodule/core (= 0.66.69)
  - React-runtimeexecutor (0.66.69):
    - React-jsi (= 0.66.69)
  - ReactCommon/turbomodule/core (0.66.69):
    - DoubleConversion
    - glog
    - RCT-Folly (= 2021.06.28.00-v2)
    - React-callinvoker (= 0.66.69)
    - React-Core (= 0.66.69)
    - React-cxxreact (= 0.66.69)
    - React-jsi (= 0.66.69)
    - React-logger (= 0.66.69)
    - React-perflogger (= 0.66.69)
  - ReactTestApp-DevSupport (1.6.3):
    - React-Core
    - React-jsi
  - ReactTestApp-Resources (1.0.0-dev)
  - RNCPicker (2.4.4):
    - React-Core
  - RNSVG (12.3.0):
    - React-Core
  - Yoga (1.14.0)

DEPENDENCIES:
  - boost (from `../../../node_modules/react-native-macos/third-party-podspecs/boost.podspec`)
  - boost-for-react-native (from `../../../node_modules/react-native-macos/third-party-podspecs/boost-for-react-native.podspec`)
  - DoubleConversion (from `../../../node_modules/react-native-macos/third-party-podspecs/DoubleConversion.podspec`)
  - FBLazyVector (from `../../../node_modules/react-native-macos/Libraries/FBLazyVector`)
  - FBReactNativeSpec (from `../../../node_modules/react-native-macos/React/FBReactNativeSpec`)
  - FRNAvatar (from `../../../packages/experimental/Avatar/FRNAvatar.podspec`)
  - FRNCallout (from `../../../packages/components/Callout/FRNCallout.podspec`)
  - FRNCheckbox (from `../../../packages/experimental/Checkbox/FRNCheckbox.podspec`)
  - FRNMenuButton (from `../../../packages/components/MenuButton/FRNMenuButton.podspec`)
  - FRNRadioButton (from `../../../packages/components/RadioGroup/FRNRadioButton.podspec`)
  - glog (from `../../../node_modules/react-native-macos/third-party-podspecs/glog.podspec`)
  - RCT-Folly (from `../../../node_modules/react-native-macos/third-party-podspecs/RCT-Folly.podspec`)
  - RCTFocusZone (from `../../../packages/components/FocusZone/RCTFocusZone.podspec`)
  - RCTRequired (from `../../../node_modules/react-native-macos/Libraries/RCTRequired`)
  - RCTTypeSafety (from `../../../node_modules/react-native-macos/Libraries/TypeSafety`)
  - React (from `../../../node_modules/react-native-macos/`)
  - React-callinvoker (from `../../../node_modules/react-native-macos/ReactCommon/callinvoker`)
  - React-Core (from `../../../node_modules/react-native-macos/`)
  - React-Core/DevSupport (from `../../../node_modules/react-native-macos/`)
  - React-Core/RCTWebSocket (from `../../../node_modules/react-native-macos/`)
  - React-CoreModules (from `../../../node_modules/react-native-macos/React/CoreModules`)
  - React-cxxreact (from `../../../node_modules/react-native-macos/ReactCommon/cxxreact`)
  - React-jsi (from `../../../node_modules/react-native-macos/ReactCommon/jsi`)
  - React-jsiexecutor (from `../../../node_modules/react-native-macos/ReactCommon/jsiexecutor`)
  - React-jsinspector (from `../../../node_modules/react-native-macos/ReactCommon/jsinspector`)
  - React-logger (from `../../../node_modules/react-native-macos/ReactCommon/logger`)
  - React-perflogger (from `../../../node_modules/react-native-macos/ReactCommon/reactperflogger`)
  - React-RCTActionSheet (from `../../../node_modules/react-native-macos/Libraries/ActionSheetIOS`)
  - React-RCTAnimation (from `../../../node_modules/react-native-macos/Libraries/NativeAnimation`)
  - React-RCTBlob (from `../../../node_modules/react-native-macos/Libraries/Blob`)
  - React-RCTImage (from `../../../node_modules/react-native-macos/Libraries/Image`)
  - React-RCTLinking (from `../../../node_modules/react-native-macos/Libraries/LinkingIOS`)
  - React-RCTNetwork (from `../../../node_modules/react-native-macos/Libraries/Network`)
  - React-RCTSettings (from `../../../node_modules/react-native-macos/Libraries/Settings`)
  - React-RCTText (from `../../../node_modules/react-native-macos/Libraries/Text`)
  - React-RCTVibration (from `../../../node_modules/react-native-macos/Libraries/Vibration`)
  - React-runtimeexecutor (from `../../../node_modules/react-native-macos/ReactCommon/runtimeexecutor`)
  - ReactCommon/turbomodule/core (from `../../../node_modules/react-native-macos/ReactCommon`)
  - ReactTestApp-DevSupport (from `../../../node_modules/react-native-test-app`)
  - ReactTestApp-Resources (from `..`)
  - "RNCPicker (from `../../../node_modules/@react-native-picker/picker`)"
  - RNSVG (from `../../../node_modules/react-native-svg`)
  - Yoga (from `../../../node_modules/react-native-macos/ReactCommon/yoga`)

SPEC REPOS:
  trunk:
    - fmt
    - MicrosoftFluentUI

EXTERNAL SOURCES:
  boost:
    :podspec: "../../../node_modules/react-native-macos/third-party-podspecs/boost.podspec"
  boost-for-react-native:
    :podspec: "../../../node_modules/react-native-macos/third-party-podspecs/boost-for-react-native.podspec"
  DoubleConversion:
    :podspec: "../../../node_modules/react-native-macos/third-party-podspecs/DoubleConversion.podspec"
  FBLazyVector:
    :path: "../../../node_modules/react-native-macos/Libraries/FBLazyVector"
  FBReactNativeSpec:
    :path: "../../../node_modules/react-native-macos/React/FBReactNativeSpec"
  FRNAvatar:
    :path: "../../../packages/experimental/Avatar/FRNAvatar.podspec"
  FRNCallout:
    :path: "../../../packages/components/Callout/FRNCallout.podspec"
  FRNCheckbox:
    :path: "../../../packages/experimental/Checkbox/FRNCheckbox.podspec"
  FRNMenuButton:
    :path: "../../../packages/components/MenuButton/FRNMenuButton.podspec"
  FRNRadioButton:
    :path: "../../../packages/components/RadioGroup/FRNRadioButton.podspec"
  glog:
    :podspec: "../../../node_modules/react-native-macos/third-party-podspecs/glog.podspec"
  RCT-Folly:
    :podspec: "../../../node_modules/react-native-macos/third-party-podspecs/RCT-Folly.podspec"
  RCTFocusZone:
    :path: "../../../packages/components/FocusZone/RCTFocusZone.podspec"
  RCTRequired:
    :path: "../../../node_modules/react-native-macos/Libraries/RCTRequired"
  RCTTypeSafety:
    :path: "../../../node_modules/react-native-macos/Libraries/TypeSafety"
  React:
    :path: "../../../node_modules/react-native-macos/"
  React-callinvoker:
    :path: "../../../node_modules/react-native-macos/ReactCommon/callinvoker"
  React-Core:
    :path: "../../../node_modules/react-native-macos/"
  React-CoreModules:
    :path: "../../../node_modules/react-native-macos/React/CoreModules"
  React-cxxreact:
    :path: "../../../node_modules/react-native-macos/ReactCommon/cxxreact"
  React-jsi:
    :path: "../../../node_modules/react-native-macos/ReactCommon/jsi"
  React-jsiexecutor:
    :path: "../../../node_modules/react-native-macos/ReactCommon/jsiexecutor"
  React-jsinspector:
    :path: "../../../node_modules/react-native-macos/ReactCommon/jsinspector"
  React-logger:
    :path: "../../../node_modules/react-native-macos/ReactCommon/logger"
  React-perflogger:
    :path: "../../../node_modules/react-native-macos/ReactCommon/reactperflogger"
  React-RCTActionSheet:
    :path: "../../../node_modules/react-native-macos/Libraries/ActionSheetIOS"
  React-RCTAnimation:
    :path: "../../../node_modules/react-native-macos/Libraries/NativeAnimation"
  React-RCTBlob:
    :path: "../../../node_modules/react-native-macos/Libraries/Blob"
  React-RCTImage:
    :path: "../../../node_modules/react-native-macos/Libraries/Image"
  React-RCTLinking:
    :path: "../../../node_modules/react-native-macos/Libraries/LinkingIOS"
  React-RCTNetwork:
    :path: "../../../node_modules/react-native-macos/Libraries/Network"
  React-RCTSettings:
    :path: "../../../node_modules/react-native-macos/Libraries/Settings"
  React-RCTText:
    :path: "../../../node_modules/react-native-macos/Libraries/Text"
  React-RCTVibration:
    :path: "../../../node_modules/react-native-macos/Libraries/Vibration"
  React-runtimeexecutor:
    :path: "../../../node_modules/react-native-macos/ReactCommon/runtimeexecutor"
  ReactCommon:
    :path: "../../../node_modules/react-native-macos/ReactCommon"
  ReactTestApp-DevSupport:
    :path: "../../../node_modules/react-native-test-app"
  ReactTestApp-Resources:
    :path: ".."
  RNCPicker:
    :path: "../../../node_modules/@react-native-picker/picker"
  RNSVG:
    :path: "../../../node_modules/react-native-svg"
  Yoga:
    :path: "../../../node_modules/react-native-macos/ReactCommon/yoga"

SPEC CHECKSUMS:
  boost: 613e39eac4239cc72b15421247b5ab05361266a2
  boost-for-react-native: 8f7c9ecfe357664c072ffbe2432569667cbf1f1b
  DoubleConversion: ed15e075aa758ac0e4c1f8b830bd4e4d40d669e8
  FBLazyVector: fefc775a590cd94ec6b4072cad4c4938a2636ba5
  FBReactNativeSpec: 2ac5ae8b8f7917a073819fd3a9df60ead41e5cc7
  fmt: ff9d55029c625d3757ed641535fd4a75fedc7ce9
  FRNAvatar: 106dad851d08d0cea35d56310b64db6a065c2099
  FRNCallout: 16023f68058d5536739adb8e02cc5fe2cc701292
  FRNCheckbox: f1ab4d92039c95ccd9e3b26074798e667a24ae49
  FRNMenuButton: ff581edf8bb6fc320c677f7d1a5bb300fe580a7e
  FRNRadioButton: f68ae313ed536f9f72538a5181643d9950904551
  glog: 42c4bf47024808486e90b25ea9e5ac3959047641
  MicrosoftFluentUI: 28925cbf24aa550b9942f844d293b90d1a5db330
  RCT-Folly: 43adc9ce880eb76792f88c011773cb5c664c1419
  RCTFocusZone: d386114cad150867e9074d7c5807fbd1f7de26f6
  RCTRequired: d6b70a519e7a831d98bb06d1f4c336d075e4df41
  RCTTypeSafety: 4b39fcb835cbb9e403d37d202e2d7f693b5d8fc5
  React: a19bfc65d2a1147f3381327b70810c603481b703
  React-callinvoker: fd3630279356ab69c0a6f2ff941b945dfca61fb7
  React-Core: 6771032ca04d6b243902ad8d64dea0532d0c0f90
  React-CoreModules: 9bbf191cd7a898c7ec3964541f230c6131443e2b
  React-cxxreact: 51c4d7883bc1d2bd28709b7a4d709c0c31c41d33
  React-jsi: 0e3ea73f126d1155a3f8be385fac82798a169b66
  React-jsiexecutor: 386e5ae720046bd1f592c3eec90dbc5988037a5b
  React-jsinspector: f2e30ad61757c330c21a80b89c6c1e442d4ffe78
  React-logger: ff4212a7ebf3f027633722a53064906cf40b5cb8
  React-perflogger: 5abfc7a7a8d57a9e59d882b84e705d71c16bfce8
  React-RCTActionSheet: 7f89fe0509ae2d5106989b623ac59bdbd2f71a5f
  React-RCTAnimation: 5ee5b13dc483dcd819d821a2c4aea7c84eb429fa
  React-RCTBlob: 73d50a7efa92b9c670523dd37723f1ff4d8893a5
  React-RCTImage: d67e908a87df9108e12ba8c979c3e41b52b29289
  React-RCTLinking: 9c0e0c5f816c896646f69e632dcb044547f8e153
  React-RCTNetwork: 7a02d9eb30f1e627a45d69ac88ff588e196cade3
  React-RCTSettings: 619b051c97faab7fbf00973e3b2c7cdf78d39a70
  React-RCTText: 6893a8c34b688711fc3bb08286c0a45a5a2f68a6
  React-RCTVibration: 00b1523be11833a292183ec78e5a78851aae207a
  React-runtimeexecutor: f154af0646224e5563a197310b1744bf04e405e4
  ReactCommon: 913f8ea8653c96ebb23fc1624762b5b7655f9bea
  ReactTestApp-DevSupport: 25631576d68da428efeb7487477bb163f2021b89
  ReactTestApp-Resources: 8c0164a3cc5052418c92018e2af0e05d564aa307
  RNCPicker: 0b65be85fe7954fbb2062ef079e3d1cde252d888
  RNSVG: 302bfc9905bd8122f08966dc2ce2d07b7b52b9f8
  Yoga: b2651b3719f3a47d787c321f6c5ae895d7854ff2

PODFILE CHECKSUM: 553ec4eec9578ceafbc92e27e0789d7ddcd88c74

COCOAPODS: 1.11.3
