PODS:
  - boost (1.76.0)
  - DoubleConversion (1.1.6)
  - FBLazyVector (0.71.11)
  - FBReactNativeSpec (0.71.11):
    - RCT-Folly (= 2021.07.22.00)
    - RCTRequired (= 0.71.11)
    - RCTTypeSafety (= 0.71.11)
    - React-Core (= 0.71.11)
    - React-jsi (= 0.71.11)
    - ReactCommon/turbomodule/core (= 0.71.11)
  - fmt (6.2.1)
  - FRNAvatar (0.19.0):
    - MicrosoftFluentUI (= 0.13.1)
    - React
  - FRNCallout (0.24.3):
    - React
  - FRNCheckbox (0.15.2):
    - React
  - FRNMenuButton (0.11.5):
    - React
  - FRNRadioButton (0.18.2):
    - React
  - glog (0.3.5)
  - MicrosoftFluentUI (0.13.1):
    - MicrosoftFluentUI/ActivityIndicator_ios (= 0.13.1)
    - MicrosoftFluentUI/Appearance_mac (= 0.13.1)
    - MicrosoftFluentUI/Avatar_ios (= 0.13.1)
    - MicrosoftFluentUI/AvatarGroup_ios (= 0.13.1)
    - MicrosoftFluentUI/AvatarView_mac (= 0.13.1)
    - MicrosoftFluentUI/BadgeField_ios (= 0.13.1)
    - MicrosoftFluentUI/BadgeView_mac (= 0.13.1)
    - MicrosoftFluentUI/BarButtonItems_ios (= 0.13.1)
    - MicrosoftFluentUI/BottomCommanding_ios (= 0.13.1)
    - MicrosoftFluentUI/BottomSheet_ios (= 0.13.1)
    - MicrosoftFluentUI/Button_ios (= 0.13.1)
    - MicrosoftFluentUI/Button_mac (= 0.13.1)
    - MicrosoftFluentUI/Calendar_ios (= 0.13.1)
    - MicrosoftFluentUI/Card_ios (= 0.13.1)
    - MicrosoftFluentUI/CardNudge_ios (= 0.13.1)
    - MicrosoftFluentUI/CommandBar_ios (= 0.13.1)
    - MicrosoftFluentUI/Core_ios (= 0.13.1)
    - MicrosoftFluentUI/Core_mac (= 0.13.1)
    - MicrosoftFluentUI/DatePicker_mac (= 0.13.1)
    - MicrosoftFluentUI/Divider_ios (= 0.13.1)
    - MicrosoftFluentUI/DotView_ios (= 0.13.1)
    - MicrosoftFluentUI/Drawer_ios (= 0.13.1)
    - MicrosoftFluentUI/DynamicColor_mac (= 0.13.1)
    - MicrosoftFluentUI/EasyTapButton_ios (= 0.13.1)
    - MicrosoftFluentUI/HUD_ios (= 0.13.1)
    - MicrosoftFluentUI/IndeterminateProgressBar_ios (= 0.13.1)
    - MicrosoftFluentUI/Label_ios (= 0.13.1)
    - MicrosoftFluentUI/Link_mac (= 0.13.1)
    - MicrosoftFluentUI/Navigation_ios (= 0.13.1)
    - MicrosoftFluentUI/Notification_ios (= 0.13.1)
    - MicrosoftFluentUI/Obscurable_ios (= 0.13.1)
    - MicrosoftFluentUI/OtherCells_ios (= 0.13.1)
    - MicrosoftFluentUI/PeoplePicker_ios (= 0.13.1)
    - MicrosoftFluentUI/PersonaButton_ios (= 0.13.1)
    - MicrosoftFluentUI/PersonaButtonCarousel_ios (= 0.13.1)
    - MicrosoftFluentUI/PillButtonBar_ios (= 0.13.1)
    - MicrosoftFluentUI/PopupMenu_ios (= 0.13.1)
    - MicrosoftFluentUI/Presenters_ios (= 0.13.1)
    - MicrosoftFluentUI/ResizingHandleView_ios (= 0.13.1)
    - MicrosoftFluentUI/SegmentedControl_ios (= 0.13.1)
    - MicrosoftFluentUI/Separator_ios (= 0.13.1)
    - MicrosoftFluentUI/Separator_mac (= 0.13.1)
    - MicrosoftFluentUI/Shimmer_ios (= 0.13.1)
    - MicrosoftFluentUI/TabBar_ios (= 0.13.1)
    - MicrosoftFluentUI/TableView_ios (= 0.13.1)
    - MicrosoftFluentUI/Tooltip_ios (= 0.13.1)
    - MicrosoftFluentUI/TouchForwardingView_ios (= 0.13.1)
    - MicrosoftFluentUI/TwoLineTitleView_ios (= 0.13.1)
    - MicrosoftFluentUI/Utilities_ios (= 0.13.1)
  - MicrosoftFluentUI/Appearance_mac (0.13.1)
  - MicrosoftFluentUI/AvatarView_mac (0.13.1):
    - MicrosoftFluentUI/Core_mac
    - MicrosoftFluentUI/DynamicColor_mac
  - MicrosoftFluentUI/BadgeView_mac (0.13.1):
    - MicrosoftFluentUI/Core_mac
    - MicrosoftFluentUI/DynamicColor_mac
  - MicrosoftFluentUI/Button_mac (0.13.1):
    - MicrosoftFluentUI/Core_mac
  - MicrosoftFluentUI/Core_mac (0.13.1)
  - MicrosoftFluentUI/DatePicker_mac (0.13.1):
    - MicrosoftFluentUI/Appearance_mac
    - MicrosoftFluentUI/Core_mac
  - MicrosoftFluentUI/DynamicColor_mac (0.13.1):
    - MicrosoftFluentUI/Appearance_mac
  - MicrosoftFluentUI/Link_mac (0.13.1):
    - MicrosoftFluentUI/Core_mac
  - MicrosoftFluentUI/Separator_mac (0.13.1):
    - MicrosoftFluentUI/Core_mac
  - RCT-Folly (2021.07.22.00):
    - boost
    - DoubleConversion
    - fmt (~> 6.2.1)
    - glog
    - RCT-Folly/Default (= 2021.07.22.00)
  - RCT-Folly/Default (2021.07.22.00):
    - boost
    - DoubleConversion
    - fmt (~> 6.2.1)
    - glog
  - RCTFocusZone (0.12.2):
    - React
  - RCTRequired (0.71.11)
  - RCTTypeSafety (0.71.11):
    - FBLazyVector (= 0.71.11)
    - RCTRequired (= 0.71.11)
    - React-Core (= 0.71.11)
  - React (0.71.11):
    - React-Core (= 0.71.11)
    - React-Core/DevSupport (= 0.71.11)
    - React-Core/RCTWebSocket (= 0.71.11)
    - React-RCTActionSheet (= 0.71.11)
    - React-RCTAnimation (= 0.71.11)
    - React-RCTBlob (= 0.71.11)
    - React-RCTImage (= 0.71.11)
    - React-RCTLinking (= 0.71.11)
    - React-RCTNetwork (= 0.71.11)
    - React-RCTSettings (= 0.71.11)
    - React-RCTText (= 0.71.11)
    - React-RCTVibration (= 0.71.11)
  - React-callinvoker (0.71.11)
  - React-Codegen (0.71.11):
    - FBReactNativeSpec
    - RCT-Folly
    - RCTRequired
    - RCTTypeSafety
    - React-Core
    - React-jsc
    - React-jsi
    - React-jsiexecutor
    - ReactCommon/turbomodule/bridging
    - ReactCommon/turbomodule/core
  - React-Core (0.71.11):
    - glog
    - RCT-Folly (= 2021.07.22.00)
    - React-Core/Default (= 0.71.11)
    - React-cxxreact (= 0.71.11)
    - React-jsc
    - React-jsi (= 0.71.11)
    - React-jsiexecutor (= 0.71.11)
    - React-perflogger (= 0.71.11)
    - SocketRocket (= 0.6.0)
    - Yoga
  - React-Core/CoreModulesHeaders (0.71.11):
    - glog
    - RCT-Folly (= 2021.07.22.00)
    - React-Core/Default
    - React-cxxreact (= 0.71.11)
    - React-jsc
    - React-jsi (= 0.71.11)
    - React-jsiexecutor (= 0.71.11)
    - React-perflogger (= 0.71.11)
    - SocketRocket (= 0.6.0)
    - Yoga
  - React-Core/Default (0.71.11):
    - glog
    - RCT-Folly (= 2021.07.22.00)
    - React-cxxreact (= 0.71.11)
    - React-jsc
    - React-jsi (= 0.71.11)
    - React-jsiexecutor (= 0.71.11)
    - React-perflogger (= 0.71.11)
    - SocketRocket (= 0.6.0)
    - Yoga
  - React-Core/DevSupport (0.71.11):
    - glog
    - RCT-Folly (= 2021.07.22.00)
    - React-Core/Default (= 0.71.11)
    - React-Core/RCTWebSocket (= 0.71.11)
    - React-cxxreact (= 0.71.11)
    - React-jsc
    - React-jsi (= 0.71.11)
    - React-jsiexecutor (= 0.71.11)
    - React-jsinspector (= 0.71.11)
    - React-perflogger (= 0.71.11)
    - SocketRocket (= 0.6.0)
    - Yoga
  - React-Core/RCTActionSheetHeaders (0.71.11):
    - glog
    - RCT-Folly (= 2021.07.22.00)
    - React-Core/Default
    - React-cxxreact (= 0.71.11)
    - React-jsc
    - React-jsi (= 0.71.11)
    - React-jsiexecutor (= 0.71.11)
    - React-perflogger (= 0.71.11)
    - SocketRocket (= 0.6.0)
    - Yoga
  - React-Core/RCTAnimationHeaders (0.71.11):
    - glog
    - RCT-Folly (= 2021.07.22.00)
    - React-Core/Default
    - React-cxxreact (= 0.71.11)
    - React-jsc
    - React-jsi (= 0.71.11)
    - React-jsiexecutor (= 0.71.11)
    - React-perflogger (= 0.71.11)
    - SocketRocket (= 0.6.0)
    - Yoga
  - React-Core/RCTBlobHeaders (0.71.11):
    - glog
    - RCT-Folly (= 2021.07.22.00)
    - React-Core/Default
    - React-cxxreact (= 0.71.11)
    - React-jsc
    - React-jsi (= 0.71.11)
    - React-jsiexecutor (= 0.71.11)
    - React-perflogger (= 0.71.11)
    - SocketRocket (= 0.6.0)
    - Yoga
  - React-Core/RCTImageHeaders (0.71.11):
    - glog
    - RCT-Folly (= 2021.07.22.00)
    - React-Core/Default
    - React-cxxreact (= 0.71.11)
    - React-jsc
    - React-jsi (= 0.71.11)
    - React-jsiexecutor (= 0.71.11)
    - React-perflogger (= 0.71.11)
    - SocketRocket (= 0.6.0)
    - Yoga
  - React-Core/RCTLinkingHeaders (0.71.11):
    - glog
    - RCT-Folly (= 2021.07.22.00)
    - React-Core/Default
    - React-cxxreact (= 0.71.11)
    - React-jsc
    - React-jsi (= 0.71.11)
    - React-jsiexecutor (= 0.71.11)
    - React-perflogger (= 0.71.11)
    - SocketRocket (= 0.6.0)
    - Yoga
  - React-Core/RCTNetworkHeaders (0.71.11):
    - glog
    - RCT-Folly (= 2021.07.22.00)
    - React-Core/Default
    - React-cxxreact (= 0.71.11)
    - React-jsc
    - React-jsi (= 0.71.11)
    - React-jsiexecutor (= 0.71.11)
    - React-perflogger (= 0.71.11)
    - SocketRocket (= 0.6.0)
    - Yoga
  - React-Core/RCTSettingsHeaders (0.71.11):
    - glog
    - RCT-Folly (= 2021.07.22.00)
    - React-Core/Default
    - React-cxxreact (= 0.71.11)
    - React-jsc
    - React-jsi (= 0.71.11)
    - React-jsiexecutor (= 0.71.11)
    - React-perflogger (= 0.71.11)
    - SocketRocket (= 0.6.0)
    - Yoga
  - React-Core/RCTTextHeaders (0.71.11):
    - glog
    - RCT-Folly (= 2021.07.22.00)
    - React-Core/Default
    - React-cxxreact (= 0.71.11)
    - React-jsc
    - React-jsi (= 0.71.11)
    - React-jsiexecutor (= 0.71.11)
    - React-perflogger (= 0.71.11)
    - SocketRocket (= 0.6.0)
    - Yoga
  - React-Core/RCTVibrationHeaders (0.71.11):
    - glog
    - RCT-Folly (= 2021.07.22.00)
    - React-Core/Default
    - React-cxxreact (= 0.71.11)
    - React-jsc
    - React-jsi (= 0.71.11)
    - React-jsiexecutor (= 0.71.11)
    - React-perflogger (= 0.71.11)
    - SocketRocket (= 0.6.0)
    - Yoga
  - React-Core/RCTWebSocket (0.71.11):
    - glog
    - RCT-Folly (= 2021.07.22.00)
    - React-Core/Default (= 0.71.11)
    - React-cxxreact (= 0.71.11)
    - React-jsc
    - React-jsi (= 0.71.11)
    - React-jsiexecutor (= 0.71.11)
    - React-perflogger (= 0.71.11)
    - SocketRocket (= 0.6.0)
    - Yoga
  - React-CoreModules (0.71.11):
    - RCT-Folly (= 2021.07.22.00)
    - RCTTypeSafety (= 0.71.11)
    - React-Codegen (= 0.71.11)
    - React-Core/CoreModulesHeaders (= 0.71.11)
    - React-jsi (= 0.71.11)
    - React-RCTBlob
    - React-RCTImage (= 0.71.11)
    - ReactCommon/turbomodule/core (= 0.71.11)
    - SocketRocket (= 0.6.0)
  - React-cxxreact (0.71.11):
    - boost (= 1.76.0)
    - DoubleConversion
    - glog
    - RCT-Folly (= 2021.07.22.00)
    - React-callinvoker (= 0.71.11)
    - React-jsi (= 0.71.11)
    - React-jsinspector (= 0.71.11)
    - React-logger (= 0.71.11)
    - React-perflogger (= 0.71.11)
    - React-runtimeexecutor (= 0.71.11)
  - React-jsc (0.71.11):
    - React-jsc/Fabric (= 0.71.11)
    - React-jsi (= 0.71.11)
  - React-jsc/Fabric (0.71.11):
    - React-jsi (= 0.71.11)
  - React-jsi (0.71.11):
    - boost (= 1.76.0)
    - DoubleConversion
    - glog
    - RCT-Folly (= 2021.07.22.00)
  - React-jsiexecutor (0.71.11):
    - DoubleConversion
    - glog
    - RCT-Folly (= 2021.07.22.00)
    - React-cxxreact (= 0.71.11)
    - React-jsi (= 0.71.11)
    - React-perflogger (= 0.71.11)
  - React-jsinspector (0.71.11)
  - React-logger (0.71.11):
    - glog
  - React-perflogger (0.71.11)
  - React-RCTActionSheet (0.71.11):
    - React-Core/RCTActionSheetHeaders (= 0.71.11)
  - React-RCTAnimation (0.71.11):
    - RCT-Folly (= 2021.07.22.00)
    - RCTTypeSafety (= 0.71.11)
    - React-Codegen (= 0.71.11)
    - React-Core/RCTAnimationHeaders (= 0.71.11)
    - React-jsi (= 0.71.11)
    - ReactCommon/turbomodule/core (= 0.71.11)
  - React-RCTAppDelegate (0.71.11):
    - RCT-Folly
    - RCTRequired
    - RCTTypeSafety
    - React-Core
    - ReactCommon/turbomodule/core
  - React-RCTBlob (0.71.11):
    - RCT-Folly (= 2021.07.22.00)
    - React-Codegen (= 0.71.11)
    - React-Core/RCTBlobHeaders (= 0.71.11)
    - React-Core/RCTWebSocket (= 0.71.11)
    - React-jsi (= 0.71.11)
    - React-RCTNetwork (= 0.71.11)
    - ReactCommon/turbomodule/core (= 0.71.11)
  - React-RCTImage (0.71.11):
    - RCT-Folly (= 2021.07.22.00)
    - RCTTypeSafety (= 0.71.11)
    - React-Codegen (= 0.71.11)
    - React-Core/RCTImageHeaders (= 0.71.11)
    - React-jsi (= 0.71.11)
    - React-RCTNetwork (= 0.71.11)
    - ReactCommon/turbomodule/core (= 0.71.11)
  - React-RCTLinking (0.71.11):
    - React-Codegen (= 0.71.11)
    - React-Core/RCTLinkingHeaders (= 0.71.11)
    - React-jsi (= 0.71.11)
    - ReactCommon/turbomodule/core (= 0.71.11)
  - React-RCTNetwork (0.71.11):
    - RCT-Folly (= 2021.07.22.00)
    - RCTTypeSafety (= 0.71.11)
    - React-Codegen (= 0.71.11)
    - React-Core/RCTNetworkHeaders (= 0.71.11)
    - React-jsi (= 0.71.11)
    - ReactCommon/turbomodule/core (= 0.71.11)
  - React-RCTSettings (0.71.11):
    - RCT-Folly (= 2021.07.22.00)
    - RCTTypeSafety (= 0.71.11)
    - React-Codegen (= 0.71.11)
    - React-Core/RCTSettingsHeaders (= 0.71.11)
    - React-jsi (= 0.71.11)
    - ReactCommon/turbomodule/core (= 0.71.11)
  - React-RCTText (0.71.11):
    - React-Core/RCTTextHeaders (= 0.71.11)
  - React-RCTVibration (0.71.11):
    - RCT-Folly (= 2021.07.22.00)
    - React-Codegen (= 0.71.11)
    - React-Core/RCTVibrationHeaders (= 0.71.11)
    - React-jsi (= 0.71.11)
    - ReactCommon/turbomodule/core (= 0.71.11)
  - React-runtimeexecutor (0.71.11):
    - React-jsi (= 0.71.11)
  - ReactCommon/turbomodule/bridging (0.71.11):
    - DoubleConversion
    - glog
    - RCT-Folly (= 2021.07.22.00)
    - React-callinvoker (= 0.71.11)
    - React-Core (= 0.71.11)
    - React-cxxreact (= 0.71.11)
    - React-jsi (= 0.71.11)
    - React-logger (= 0.71.11)
    - React-perflogger (= 0.71.11)
  - ReactCommon/turbomodule/core (0.71.11):
    - DoubleConversion
    - glog
    - RCT-Folly (= 2021.07.22.00)
    - React-callinvoker (= 0.71.11)
    - React-Core (= 0.71.11)
    - React-cxxreact (= 0.71.11)
    - React-jsi (= 0.71.11)
    - React-logger (= 0.71.11)
    - React-perflogger (= 0.71.11)
  - ReactNativeHost (0.2.5):
    - React-Core
    - React-cxxreact
  - ReactTestApp-DevSupport (2.5.2):
    - React-Core
    - React-jsi
  - ReactTestApp-Resources (1.0.0-dev)
  - RNCPicker (2.4.10):
    - React-Core
  - RNSVG (13.9.0):
    - React-Core
  - SocketRocket (0.6.0)
  - Yoga (1.14.0)

DEPENDENCIES:
  - boost (from `../../../node_modules/react-native-macos/third-party-podspecs/boost.podspec`)
  - DoubleConversion (from `../../../node_modules/react-native-macos/third-party-podspecs/DoubleConversion.podspec`)
  - FBLazyVector (from `../../../node_modules/react-native-macos/Libraries/FBLazyVector`)
  - FBReactNativeSpec (from `../../../node_modules/react-native-macos/React/FBReactNativeSpec`)
  - FRNAvatar (from `../../../packages/experimental/Avatar/FRNAvatar.podspec`)
  - FRNCallout (from `../../../packages/components/Callout/FRNCallout.podspec`)
  - FRNCheckbox (from `../../../packages/experimental/Checkbox/FRNCheckbox.podspec`)
  - FRNMenuButton (from `../../../packages/components/MenuButton/FRNMenuButton.podspec`)
  - FRNRadioButton (from `../../../packages/components/RadioGroup/FRNRadioButton.podspec`)
  - glog (from `../../../node_modules/react-native-macos/third-party-podspecs/glog.podspec`)
  - RCT-Folly (from `../../../node_modules/react-native-macos/third-party-podspecs/RCT-Folly.podspec`)
  - RCTFocusZone (from `../../../packages/components/FocusZone/RCTFocusZone.podspec`)
  - RCTRequired (from `../../../node_modules/react-native-macos/Libraries/RCTRequired`)
  - RCTTypeSafety (from `../../../node_modules/react-native-macos/Libraries/TypeSafety`)
  - React (from `../../../node_modules/react-native-macos/`)
  - React-callinvoker (from `../../../node_modules/react-native-macos/ReactCommon/callinvoker`)
  - React-Codegen (from `build/generated/ios`)
  - React-Core (from `../../../node_modules/react-native-macos/`)
  - React-Core/RCTWebSocket (from `../../../node_modules/react-native-macos/`)
  - React-CoreModules (from `../../../node_modules/react-native-macos/React/CoreModules`)
  - React-cxxreact (from `../../../node_modules/react-native-macos/ReactCommon/cxxreact`)
  - React-jsc (from `../../../node_modules/react-native-macos/ReactCommon/jsc`)
  - React-jsi (from `../../../node_modules/react-native-macos/ReactCommon/jsi`)
  - React-jsiexecutor (from `../../../node_modules/react-native-macos/ReactCommon/jsiexecutor`)
  - React-jsinspector (from `../../../node_modules/react-native-macos/ReactCommon/jsinspector`)
  - React-logger (from `../../../node_modules/react-native-macos/ReactCommon/logger`)
  - React-perflogger (from `../../../node_modules/react-native-macos/ReactCommon/reactperflogger`)
  - React-RCTActionSheet (from `../../../node_modules/react-native-macos/Libraries/ActionSheetIOS`)
  - React-RCTAnimation (from `../../../node_modules/react-native-macos/Libraries/NativeAnimation`)
  - React-RCTAppDelegate (from `../../../node_modules/react-native-macos/Libraries/AppDelegate`)
  - React-RCTBlob (from `../../../node_modules/react-native-macos/Libraries/Blob`)
  - React-RCTImage (from `../../../node_modules/react-native-macos/Libraries/Image`)
  - React-RCTLinking (from `../../../node_modules/react-native-macos/Libraries/LinkingIOS`)
  - React-RCTNetwork (from `../../../node_modules/react-native-macos/Libraries/Network`)
  - React-RCTSettings (from `../../../node_modules/react-native-macos/Libraries/Settings`)
  - React-RCTText (from `../../../node_modules/react-native-macos/Libraries/Text`)
  - React-RCTVibration (from `../../../node_modules/react-native-macos/Libraries/Vibration`)
  - React-runtimeexecutor (from `../../../node_modules/react-native-macos/ReactCommon/runtimeexecutor`)
  - ReactCommon/turbomodule/core (from `../../../node_modules/react-native-macos/ReactCommon`)
  - "ReactNativeHost (from `../../../node_modules/@rnx-kit/react-native-host`)"
  - ReactTestApp-DevSupport (from `../../../node_modules/react-native-test-app`)
  - ReactTestApp-Resources (from `..`)
  - "RNCPicker (from `../../../node_modules/@react-native-picker/picker`)"
  - RNSVG (from `../../../node_modules/react-native-svg`)
  - Yoga (from `../../../node_modules/react-native-macos/ReactCommon/yoga`)

SPEC REPOS:
  trunk:
    - fmt
    - MicrosoftFluentUI
    - SocketRocket

EXTERNAL SOURCES:
  boost:
    :podspec: "../../../node_modules/react-native-macos/third-party-podspecs/boost.podspec"
  DoubleConversion:
    :podspec: "../../../node_modules/react-native-macos/third-party-podspecs/DoubleConversion.podspec"
  FBLazyVector:
    :path: "../../../node_modules/react-native-macos/Libraries/FBLazyVector"
  FBReactNativeSpec:
    :path: "../../../node_modules/react-native-macos/React/FBReactNativeSpec"
  FRNAvatar:
    :path: "../../../packages/experimental/Avatar/FRNAvatar.podspec"
  FRNCallout:
    :path: "../../../packages/components/Callout/FRNCallout.podspec"
  FRNCheckbox:
    :path: "../../../packages/experimental/Checkbox/FRNCheckbox.podspec"
  FRNMenuButton:
    :path: "../../../packages/components/MenuButton/FRNMenuButton.podspec"
  FRNRadioButton:
    :path: "../../../packages/components/RadioGroup/FRNRadioButton.podspec"
  glog:
    :podspec: "../../../node_modules/react-native-macos/third-party-podspecs/glog.podspec"
  RCT-Folly:
    :podspec: "../../../node_modules/react-native-macos/third-party-podspecs/RCT-Folly.podspec"
  RCTFocusZone:
    :path: "../../../packages/components/FocusZone/RCTFocusZone.podspec"
  RCTRequired:
    :path: "../../../node_modules/react-native-macos/Libraries/RCTRequired"
  RCTTypeSafety:
    :path: "../../../node_modules/react-native-macos/Libraries/TypeSafety"
  React:
    :path: "../../../node_modules/react-native-macos/"
  React-callinvoker:
    :path: "../../../node_modules/react-native-macos/ReactCommon/callinvoker"
  React-Codegen:
    :path: build/generated/ios
  React-Core:
    :path: "../../../node_modules/react-native-macos/"
  React-CoreModules:
    :path: "../../../node_modules/react-native-macos/React/CoreModules"
  React-cxxreact:
    :path: "../../../node_modules/react-native-macos/ReactCommon/cxxreact"
  React-jsc:
    :path: "../../../node_modules/react-native-macos/ReactCommon/jsc"
  React-jsi:
    :path: "../../../node_modules/react-native-macos/ReactCommon/jsi"
  React-jsiexecutor:
    :path: "../../../node_modules/react-native-macos/ReactCommon/jsiexecutor"
  React-jsinspector:
    :path: "../../../node_modules/react-native-macos/ReactCommon/jsinspector"
  React-logger:
    :path: "../../../node_modules/react-native-macos/ReactCommon/logger"
  React-perflogger:
    :path: "../../../node_modules/react-native-macos/ReactCommon/reactperflogger"
  React-RCTActionSheet:
    :path: "../../../node_modules/react-native-macos/Libraries/ActionSheetIOS"
  React-RCTAnimation:
    :path: "../../../node_modules/react-native-macos/Libraries/NativeAnimation"
  React-RCTAppDelegate:
    :path: "../../../node_modules/react-native-macos/Libraries/AppDelegate"
  React-RCTBlob:
    :path: "../../../node_modules/react-native-macos/Libraries/Blob"
  React-RCTImage:
    :path: "../../../node_modules/react-native-macos/Libraries/Image"
  React-RCTLinking:
    :path: "../../../node_modules/react-native-macos/Libraries/LinkingIOS"
  React-RCTNetwork:
    :path: "../../../node_modules/react-native-macos/Libraries/Network"
  React-RCTSettings:
    :path: "../../../node_modules/react-native-macos/Libraries/Settings"
  React-RCTText:
    :path: "../../../node_modules/react-native-macos/Libraries/Text"
  React-RCTVibration:
    :path: "../../../node_modules/react-native-macos/Libraries/Vibration"
  React-runtimeexecutor:
    :path: "../../../node_modules/react-native-macos/ReactCommon/runtimeexecutor"
  ReactCommon:
    :path: "../../../node_modules/react-native-macos/ReactCommon"
  ReactNativeHost:
    :path: "../../../node_modules/@rnx-kit/react-native-host"
  ReactTestApp-DevSupport:
    :path: "../../../node_modules/react-native-test-app"
  ReactTestApp-Resources:
    :path: ".."
  RNCPicker:
    :path: "../../../node_modules/@react-native-picker/picker"
  RNSVG:
    :path: "../../../node_modules/react-native-svg"
  Yoga:
    :path: "../../../node_modules/react-native-macos/ReactCommon/yoga"

SPEC CHECKSUMS:
  boost: 613e39eac4239cc72b15421247b5ab05361266a2
  DoubleConversion: ed15e075aa758ac0e4c1f8b830bd4e4d40d669e8
  FBLazyVector: c5108e0b73489dba1c49f53cda946109f3675b80
  FBReactNativeSpec: b8cda84dbf7fffe5cc051fe7b52c833549b569d6
  fmt: ff9d55029c625d3757ed641535fd4a75fedc7ce9
  FRNAvatar: 32db5ee0a74e30652f807c73806d80169046a531
  FRNCallout: 6422f6e2867b0ce5992dfd93a5b3897d6a2b17d9
  FRNCheckbox: 8485974706a1aba9a652d48055976fafd7adaba2
  FRNMenuButton: e7142b802e43831697653592a564e974b71c9f5e
  FRNRadioButton: 8e1d7a1f9f1394a22eb398f0b6f2cd8122791609
  glog: 20113a0d46931b6f096cf8302c68691d75a456ff
  MicrosoftFluentUI: dde98d8ed3fc306d9ddd0a6f0bc0c1f24fe5275e
  RCT-Folly: bf7b4921a91932051ebf1c5c2d297154b1fa3c8c
  RCTFocusZone: c08222b1edd9fe3e95d7c7b3f0d8c03da77c5afe
  RCTRequired: ec5c9b0b181d7044c707bef0df1915a91e6f7d70
  RCTTypeSafety: 11a4069ecf21ce0a5d606530eeb7a262455a1ae5
  React: 68e3b731b5706a289505116d5d8e20dac3874d6b
  React-callinvoker: 5ea30decaba9114f3cd821fdb935dd7b94d308a0
  React-Codegen: 4d4753159110c599fefeb5272f9a1854388e5d48
  React-Core: 4bd8ae6bb050ed286728785f11a480e411ac508b
  React-CoreModules: 29c2b99b8aed0d2a4aa52b7eaada29ec6c0bbf8b
  React-cxxreact: 75667d20b3a308758d43ca0f8422329f22b1d500
  React-jsc: 66622a9f2b9bb7a203867c2b12f73141267b52f5
  React-jsi: 34dc05884455d3d07349149e484ee8b873c4d3e1
  React-jsiexecutor: f293c1d00322440a6a16800a4cc4369fcbfebd66
  React-jsinspector: 3c62f42fb5df6a1779960a7f17a6d255038f8586
  React-logger: 28062e8153cd35859d18b69c11e171ac45bc52bb
  React-perflogger: 9995501311ad0ee129de825b2673943f5c0da045
  React-RCTActionSheet: add249c19f0597d0665397c37576e721f1e1f300
  React-RCTAnimation: 55836c71e134cde17e703d3b9a2338c66bcbfc3f
  React-RCTAppDelegate: b40b0e568ff583d76b65667340a6126168e9d2ca
  React-RCTBlob: fd84f8b590db318c602d96c1454792c57eff13f0
  React-RCTImage: 971a5b905bead63ed18a2cbf76b25b85d7f553e8
  React-RCTLinking: 7e9988c74a81252b7dd1da39f20224d69c510984
  React-RCTNetwork: ed945c7ceaea9178e9e1e9585df9dc953805fa52
  React-RCTSettings: 3a71d72941f898b4c1fc12e0809582dd7a172b6e
  React-RCTText: 1ee9f1fc9b6f3be5d5cb9e391d290ec9cbba19a3
  React-RCTVibration: db5f4cc84350dacb9804d9381cd3e9b84bdd2fcd
  React-runtimeexecutor: ba46c2f5f712dc2906135bfefab18a938832c086
  ReactCommon: 18a719c07a29930edcb28f2599b16deacc2ae4e7
  ReactNativeHost: 5e4cc8c8ededf0639d095fe874e4bddcacdfe77f
  ReactTestApp-DevSupport: 67fe0269fcceb5edb1815361317ee37907194210
  ReactTestApp-Resources: 8c0164a3cc5052418c92018e2af0e05d564aa307
  RNCPicker: 0bc2f0a29abcca7b7ed44a2d036aac9ab6d25700
  RNSVG: 53c661b76829783cdaf9b7a57258f3d3b4c28315
  SocketRocket: fccef3f9c5cedea1353a9ef6ada904fde10d6608
  Yoga: ab1370bc236d22c064757be8ea87a336a346af9e

PODFILE CHECKSUM: d3fe834dea1e24594a8ba545f70b5250bbc25c91

COCOAPODS: 1.12.1
