// !$*UTF8*$!
{
	archiveVersion = 1;
	classes = {
	};
	objectVersion = 50;
	objects = {

/* Begin PBXBuildFile section */
		ACA7B35524CB57BC00AB93B9 /* FRNShimmerView.m in Sources */ = {isa = PBXBuildFile; fileRef = ACA7B35424CB57BC00AB93B9 /* FRNShimmerView.m */; };
		ACA7B35824CB581300AB93B9 /* FRNShimmerViewManager.m in Sources */ = {isa = PBXBuildFile; fileRef = ACA7B35724CB581300AB93B9 /* FRNShimmerViewManager.m */; };
		EC8090801F6EC9659FD6493F /* libPods-ShimmerView.a in Frameworks */ = {isa = PBXBuildFile; fileRef = C5A2434CAE548D66353B4F67 /* libPods-ShimmerView.a */; };
/* End PBXBuildFile section */

/* Begin PBXCopyFilesBuildPhase section */
		ACA7B34724CB568700AB93B9 /* CopyFiles */ = {
			isa = PBXCopyFilesBuildPhase;
			buildActionMask = 2147483647;
			dstPath = "include/$(PRODUCT_NAME)";
			dstSubfolderSpec = 16;
			files = (
			);
			runOnlyForDeploymentPostprocessing = 0;
		};
/* End PBXCopyFilesBuildPhase section */

/* Begin PBXFileReference section */
		33902BABE2E849C8020B3564 /* Pods-ShimmerView.debug.xcconfig */ = {isa = PBXFileReference; includeInIndex = 1; lastKnownFileType = text.xcconfig; name = "Pods-ShimmerView.debug.xcconfig"; path = "Target Support Files/Pods-ShimmerView/Pods-ShimmerView.debug.xcconfig"; sourceTree = "<group>"; };
		4CDBF2F9CC4FB0AF6C332D4D /* Pods-ShimmerView.release.xcconfig */ = {isa = PBXFileReference; includeInIndex = 1; lastKnownFileType = text.xcconfig; name = "Pods-ShimmerView.release.xcconfig"; path = "Target Support Files/Pods-ShimmerView/Pods-ShimmerView.release.xcconfig"; sourceTree = "<group>"; };
		ACA7B34924CB568700AB93B9 /* libShimmerView.a */ = {isa = PBXFileReference; explicitFileType = archive.ar; includeInIndex = 0; path = libShimmerView.a; sourceTree = BUILT_PRODUCTS_DIR; };
		ACA7B35324CB57BB00AB93B9 /* ShimmerView-Bridging-Header.h */ = {isa = PBXFileReference; lastKnownFileType = sourcecode.c.h; path = "ShimmerView-Bridging-Header.h"; sourceTree = "<group>"; };
		ACA7B35424CB57BC00AB93B9 /* FRNShimmerView.m */ = {isa = PBXFileReference; lastKnownFileType = sourcecode.c.objc; path = FRNShimmerView.m; sourceTree = "<group>"; };
		ACA7B35624CB57FD00AB93B9 /* FRNShimmerView.h */ = {isa = PBXFileReference; lastKnownFileType = sourcecode.c.h; path = FRNShimmerView.h; sourceTree = "<group>"; };
		ACA7B35724CB581300AB93B9 /* FRNShimmerViewManager.m */ = {isa = PBXFileReference; lastKnownFileType = sourcecode.c.objc; path = FRNShimmerViewManager.m; sourceTree = "<group>"; };
		ACA7B35924CB583500AB93B9 /* FRNShimmerViewManager.h */ = {isa = PBXFileReference; lastKnownFileType = sourcecode.c.h; path = FRNShimmerViewManager.h; sourceTree = "<group>"; };
		C5A2434CAE548D66353B4F67 /* libPods-ShimmerView.a */ = {isa = PBXFileReference; explicitFileType = archive.ar; includeInIndex = 0; path = "libPods-ShimmerView.a"; sourceTree = BUILT_PRODUCTS_DIR; };
/* End PBXFileReference section */

/* Begin PBXFrameworksBuildPhase section */
		ACA7B34624CB568700AB93B9 /* Frameworks */ = {
			isa = PBXFrameworksBuildPhase;
			buildActionMask = 2147483647;
			files = (
				EC8090801F6EC9659FD6493F /* libPods-ShimmerView.a in Frameworks */,
			);
			runOnlyForDeploymentPostprocessing = 0;
		};
/* End PBXFrameworksBuildPhase section */

/* Begin PBXGroup section */
		A78F98ED431456D18803A02C /* Frameworks */ = {
			isa = PBXGroup;
			children = (
				C5A2434CAE548D66353B4F67 /* libPods-ShimmerView.a */,
			);
			name = Frameworks;
			sourceTree = "<group>";
		};
		ACA7B34024CB568700AB93B9 = {
			isa = PBXGroup;
			children = (
				ACA7B35324CB57BB00AB93B9 /* ShimmerView-Bridging-Header.h */,
				ACA7B35624CB57FD00AB93B9 /* FRNShimmerView.h */,
				ACA7B35424CB57BC00AB93B9 /* FRNShimmerView.m */,
				ACA7B35924CB583500AB93B9 /* FRNShimmerViewManager.h */,
				ACA7B35724CB581300AB93B9 /* FRNShimmerViewManager.m */,
				ACA7B34A24CB568700AB93B9 /* Products */,
				ACC22ACBF8B51AADEB70CED8 /* Pods */,
				A78F98ED431456D18803A02C /* Frameworks */,
			);
			sourceTree = "<group>";
		};
		ACA7B34A24CB568700AB93B9 /* Products */ = {
			isa = PBXGroup;
			children = (
				ACA7B34924CB568700AB93B9 /* libShimmerView.a */,
			);
			name = Products;
			sourceTree = "<group>";
		};
		ACC22ACBF8B51AADEB70CED8 /* Pods */ = {
			isa = PBXGroup;
			children = (
				33902BABE2E849C8020B3564 /* Pods-ShimmerView.debug.xcconfig */,
				4CDBF2F9CC4FB0AF6C332D4D /* Pods-ShimmerView.release.xcconfig */,
			);
			name = Pods;
			path = Pods;
			sourceTree = "<group>";
		};
/* End PBXGroup section */

/* Begin PBXNativeTarget section */
		ACA7B34824CB568700AB93B9 /* ShimmerView */ = {
			isa = PBXNativeTarget;
			buildConfigurationList = ACA7B35024CB568700AB93B9 /* Build configuration list for PBXNativeTarget "ShimmerView" */;
			buildPhases = (
				4A60A499A17042B18A84F4C6 /* [CP] Check Pods Manifest.lock */,
				ACA7B34524CB568700AB93B9 /* Sources */,
				ACA7B34624CB568700AB93B9 /* Frameworks */,
				ACA7B34724CB568700AB93B9 /* CopyFiles */,
			);
			buildRules = (
			);
			dependencies = (
			);
			name = ShimmerView;
			productName = ShimmerView;
			productReference = ACA7B34924CB568700AB93B9 /* libShimmerView.a */;
			productType = "com.apple.product-type.library.static";
		};
/* End PBXNativeTarget section */

/* Begin PBXProject section */
		ACA7B34124CB568700AB93B9 /* Project object */ = {
			isa = PBXProject;
			attributes = {
				LastSwiftUpdateCheck = 1200;
				LastUpgradeCheck = 1200;
				TargetAttributes = {
					ACA7B34824CB568700AB93B9 = {
						CreatedOnToolsVersion = 12.0;
						LastSwiftMigration = 1200;
					};
				};
			};
			buildConfigurationList = ACA7B34424CB568700AB93B9 /* Build configuration list for PBXProject "ShimmerView" */;
			compatibilityVersion = "Xcode 9.3";
			developmentRegion = en;
			hasScannedForEncodings = 0;
			knownRegions = (
				en,
				Base,
			);
			mainGroup = ACA7B34024CB568700AB93B9;
			productRefGroup = ACA7B34A24CB568700AB93B9 /* Products */;
			projectDirPath = "";
			projectRoot = "";
			targets = (
				ACA7B34824CB568700AB93B9 /* ShimmerView */,
			);
		};
/* End PBXProject section */

/* Begin PBXShellScriptBuildPhase section */
		4A60A499A17042B18A84F4C6 /* [CP] Check Pods Manifest.lock */ = {
			isa = PBXShellScriptBuildPhase;
			buildActionMask = 2147483647;
			files = (
			);
			inputFileListPaths = (
			);
			inputPaths = (
				"${PODS_PODFILE_DIR_PATH}/Podfile.lock",
				"${PODS_ROOT}/Manifest.lock",
			);
			name = "[CP] Check Pods Manifest.lock";
			outputFileListPaths = (
			);
			outputPaths = (
				"$(DERIVED_FILE_DIR)/Pods-ShimmerView-checkManifestLockResult.txt",
			);
			runOnlyForDeploymentPostprocessing = 0;
			shellPath = /bin/sh;
			shellScript = "diff \"${PODS_PODFILE_DIR_PATH}/Podfile.lock\" \"${PODS_ROOT}/Manifest.lock\" > /dev/null\nif [ $? != 0 ] ; then\n    # print error to STDERR\n    echo \"error: The sandbox is not in sync with the Podfile.lock. Run 'pod install' or update your CocoaPods installation.\" >&2\n    exit 1\nfi\n# This output is used by Xcode 'outputs' to avoid re-running this script phase.\necho \"SUCCESS\" > \"${SCRIPT_OUTPUT_FILE_0}\"\n";
			showEnvVarsInLog = 0;
		};
/* End PBXShellScriptBuildPhase section */

/* Begin PBXSourcesBuildPhase section */
		ACA7B34524CB568700AB93B9 /* Sources */ = {
			isa = PBXSourcesBuildPhase;
			buildActionMask = 2147483647;
			files = (
				ACA7B35524CB57BC00AB93B9 /* FRNShimmerView.m in Sources */,
				ACA7B35824CB581300AB93B9 /* FRNShimmerViewManager.m in Sources */,
			);
			runOnlyForDeploymentPostprocessing = 0;
		};
/* End PBXSourcesBuildPhase section */

/* Begin XCBuildConfiguration section */
		ACA7B34E24CB568700AB93B9 /* Debug */ = {
			isa = XCBuildConfiguration;
			buildSettings = {
				ALWAYS_SEARCH_USER_PATHS = NO;
				CLANG_ANALYZER_NONNULL = YES;
				CLANG_ANALYZER_NUMBER_OBJECT_CONVERSION = YES_AGGRESSIVE;
				CLANG_CXX_LANGUAGE_STANDARD = "gnu++14";
				CLANG_CXX_LIBRARY = "libc++";
				CLANG_ENABLE_MODULES = YES;
				CLANG_ENABLE_OBJC_ARC = YES;
				CLANG_ENABLE_OBJC_WEAK = YES;
				CLANG_WARN_BLOCK_CAPTURE_AUTORELEASING = YES;
				CLANG_WARN_BOOL_CONVERSION = YES;
				CLANG_WARN_COMMA = YES;
				CLANG_WARN_CONSTANT_CONVERSION = YES;
				CLANG_WARN_DEPRECATED_OBJC_IMPLEMENTATIONS = YES;
				CLANG_WARN_DIRECT_OBJC_ISA_USAGE = YES_ERROR;
				CLANG_WARN_DOCUMENTATION_COMMENTS = YES;
				CLANG_WARN_EMPTY_BODY = YES;
				CLANG_WARN_ENUM_CONVERSION = YES;
				CLANG_WARN_INFINITE_RECURSION = YES;
				CLANG_WARN_INT_CONVERSION = YES;
				CLANG_WARN_NON_LITERAL_NULL_CONVERSION = YES;
				CLANG_WARN_OBJC_IMPLICIT_RETAIN_SELF = YES;
				CLANG_WARN_OBJC_LITERAL_CONVERSION = YES;
				CLANG_WARN_OBJC_ROOT_CLASS = YES_ERROR;
				CLANG_WARN_QUOTED_INCLUDE_IN_FRAMEWORK_HEADER = YES;
				CLANG_WARN_RANGE_LOOP_ANALYSIS = YES;
				CLANG_WARN_STRICT_PROTOTYPES = YES;
				CLANG_WARN_SUSPICIOUS_MOVE = YES;
				CLANG_WARN_UNGUARDED_AVAILABILITY = YES_AGGRESSIVE;
				CLANG_WARN_UNREACHABLE_CODE = YES;
				CLANG_WARN__DUPLICATE_METHOD_MATCH = YES;
				COPY_PHASE_STRIP = NO;
				DEBUG_INFORMATION_FORMAT = dwarf;
				ENABLE_STRICT_OBJC_MSGSEND = YES;
				ENABLE_TESTABILITY = YES;
				GCC_C_LANGUAGE_STANDARD = gnu11;
				GCC_DYNAMIC_NO_PIC = NO;
				GCC_NO_COMMON_BLOCKS = YES;
				GCC_OPTIMIZATION_LEVEL = 0;
				GCC_PREPROCESSOR_DEFINITIONS = (
					"DEBUG=1",
					"$(inherited)",
				);
				GCC_WARN_64_TO_32_BIT_CONVERSION = YES;
				GCC_WARN_ABOUT_RETURN_TYPE = YES_ERROR;
				GCC_WARN_UNDECLARED_SELECTOR = YES;
				GCC_WARN_UNINITIALIZED_AUTOS = YES_AGGRESSIVE;
				GCC_WARN_UNUSED_FUNCTION = YES;
				GCC_WARN_UNUSED_VARIABLE = YES;
				IPHONEOS_DEPLOYMENT_TARGET = 14.0;
				MTL_ENABLE_DEBUG_INFO = INCLUDE_SOURCE;
				MTL_FAST_MATH = YES;
				ONLY_ACTIVE_ARCH = YES;
				SDKROOT = iphoneos;
				SWIFT_ACTIVE_COMPILATION_CONDITIONS = DEBUG;
				SWIFT_OPTIMIZATION_LEVEL = "-Onone";
			};
			name = Debug;
		};
		ACA7B34F24CB568700AB93B9 /* Release */ = {
			isa = XCBuildConfiguration;
			buildSettings = {
				ALWAYS_SEARCH_USER_PATHS = NO;
				CLANG_ANALYZER_NONNULL = YES;
				CLANG_ANALYZER_NUMBER_OBJECT_CONVERSION = YES_AGGRESSIVE;
				CLANG_CXX_LANGUAGE_STANDARD = "gnu++14";
				CLANG_CXX_LIBRARY = "libc++";
				CLANG_ENABLE_MODULES = YES;
				CLANG_ENABLE_OBJC_ARC = YES;
				CLANG_ENABLE_OBJC_WEAK = YES;
				CLANG_WARN_BLOCK_CAPTURE_AUTORELEASING = YES;
				CLANG_WARN_BOOL_CONVERSION = YES;
				CLANG_WARN_COMMA = YES;
				CLANG_WARN_CONSTANT_CONVERSION = YES;
				CLANG_WARN_DEPRECATED_OBJC_IMPLEMENTATIONS = YES;
				CLANG_WARN_DIRECT_OBJC_ISA_USAGE = YES_ERROR;
				CLANG_WARN_DOCUMENTATION_COMMENTS = YES;
				CLANG_WARN_EMPTY_BODY = YES;
				CLANG_WARN_ENUM_CONVERSION = YES;
				CLANG_WARN_INFINITE_RECURSION = YES;
				CLANG_WARN_INT_CONVERSION = YES;
				CLANG_WARN_NON_LITERAL_NULL_CONVERSION = YES;
				CLANG_WARN_OBJC_IMPLICIT_RETAIN_SELF = YES;
				CLANG_WARN_OBJC_LITERAL_CONVERSION = YES;
				CLANG_WARN_OBJC_ROOT_CLASS = YES_ERROR;
				CLANG_WARN_QUOTED_INCLUDE_IN_FRAMEWORK_HEADER = YES;
				CLANG_WARN_RANGE_LOOP_ANALYSIS = YES;
				CLANG_WARN_STRICT_PROTOTYPES = YES;
				CLANG_WARN_SUSPICIOUS_MOVE = YES;
				CLANG_WARN_UNGUARDED_AVAILABILITY = YES_AGGRESSIVE;
				CLANG_WARN_UNREACHABLE_CODE = YES;
				CLANG_WARN__DUPLICATE_METHOD_MATCH = YES;
				COPY_PHASE_STRIP = NO;
				DEBUG_INFORMATION_FORMAT = "dwarf-with-dsym";
				ENABLE_NS_ASSERTIONS = NO;
				ENABLE_STRICT_OBJC_MSGSEND = YES;
				GCC_C_LANGUAGE_STANDARD = gnu11;
				GCC_NO_COMMON_BLOCKS = YES;
				GCC_WARN_64_TO_32_BIT_CONVERSION = YES;
				GCC_WARN_ABOUT_RETURN_TYPE = YES_ERROR;
				GCC_WARN_UNDECLARED_SELECTOR = YES;
				GCC_WARN_UNINITIALIZED_AUTOS = YES_AGGRESSIVE;
				GCC_WARN_UNUSED_FUNCTION = YES;
				GCC_WARN_UNUSED_VARIABLE = YES;
				IPHONEOS_DEPLOYMENT_TARGET = 14.0;
				MTL_ENABLE_DEBUG_INFO = NO;
				MTL_FAST_MATH = YES;
				SDKROOT = iphoneos;
				SWIFT_COMPILATION_MODE = wholemodule;
				SWIFT_OPTIMIZATION_LEVEL = "-O";
				VALIDATE_PRODUCT = YES;
			};
			name = Release;
		};
		ACA7B35124CB568700AB93B9 /* Debug */ = {
			isa = XCBuildConfiguration;
			baseConfigurationReference = 33902BABE2E849C8020B3564 /* Pods-ShimmerView.debug.xcconfig */;
			buildSettings = {
				CLANG_ENABLE_MODULES = YES;
				CODE_SIGN_STYLE = Automatic;
				LD_RUNPATH_SEARCH_PATHS = (
					"$(inherited)",
					"@executable_path/Frameworks",
					"@loader_path/Frameworks",
				);
				OTHER_LDFLAGS = "-ObjC";
				PRODUCT_NAME = "$(TARGET_NAME)";
				SKIP_INSTALL = YES;
				SWIFT_OBJC_BRIDGING_HEADER = "ShimmerView-Bridging-Header.h";
				SWIFT_OPTIMIZATION_LEVEL = "-Onone";
				SWIFT_VERSION = 5.0;
				TARGETED_DEVICE_FAMILY = "1,2";
			};
			name = Debug;
		};
		ACA7B35224CB568700AB93B9 /* Release */ = {
			isa = XCBuildConfiguration;
			baseConfigurationReference = 4CDBF2F9CC4FB0AF6C332D4D /* Pods-ShimmerView.release.xcconfig */;
			buildSettings = {
				CLANG_ENABLE_MODULES = YES;
				CODE_SIGN_STYLE = Automatic;
				LD_RUNPATH_SEARCH_PATHS = (
					"$(inherited)",
					"@executable_path/Frameworks",
					"@loader_path/Frameworks",
				);
				OTHER_LDFLAGS = "-ObjC";
				PRODUCT_NAME = "$(TARGET_NAME)";
				SKIP_INSTALL = YES;
				SWIFT_OBJC_BRIDGING_HEADER = "ShimmerView-Bridging-Header.h";
				SWIFT_VERSION = 5.0;
				TARGETED_DEVICE_FAMILY = "1,2";
			};
			name = Release;
		};
/* End XCBuildConfiguration section */

/* Begin XCConfigurationList section */
		ACA7B34424CB568700AB93B9 /* Build configuration list for PBXProject "ShimmerView" */ = {
			isa = XCConfigurationList;
			buildConfigurations = (
				ACA7B34E24CB568700AB93B9 /* Debug */,
				ACA7B34F24CB568700AB93B9 /* Release */,
			);
			defaultConfigurationIsVisible = 0;
			defaultConfigurationName = Release;
		};
		ACA7B35024CB568700AB93B9 /* Build configuration list for PBXNativeTarget "ShimmerView" */ = {
			isa = XCConfigurationList;
			buildConfigurations = (
				ACA7B35124CB568700AB93B9 /* Debug */,
				ACA7B35224CB568700AB93B9 /* Release */,
			);
			defaultConfigurationIsVisible = 0;
			defaultConfigurationName = Release;
		};
/* End XCConfigurationList section */
	};
	rootObject = ACA7B34124CB568700AB93B9 /* Project object */;
}
