PODS:
  - boost-for-react-native (1.63.0)
  - DoubleConversion (1.1.6)
  - FBLazyVector (0.64.14)
  - FBReactNativeSpec (0.64.14):
    - RCT-Folly (= 2020.01.13.00)
    - RCTRequired (= 0.64.14)
    - RCTTypeSafety (= 0.64.14)
    - React-Core (= 0.64.14)
    - React-jsi (= 0.64.14)
    - ReactCommon/turbomodule/core (= 0.64.14)
  - FRNAvatar (0.13.1):
    - MicrosoftFluentUI (= 0.3.0)
    - MicrosoftFluentUI/Avatar_ios (= 0.3.0)
    - React
  - FRNCallout (0.19.0):
    - React
  - FRNCheckbox (0.4.0):
    - React
  - FRNMenuButton (0.7.0):
    - React
  - FRNRadioButton (0.14.0):
    - React
  - glog (0.3.5)
  - MicrosoftFluentUI (0.3.0):
    - MicrosoftFluentUI/ActivityIndicator_ios (= 0.3.0)
    - MicrosoftFluentUI/ActivityViewAnimating_ios (= 0.3.0)
    - MicrosoftFluentUI/Appearance_mac (= 0.3.0)
    - MicrosoftFluentUI/Avatar_ios (= 0.3.0)
    - MicrosoftFluentUI/AvatarGroup_ios (= 0.3.0)
    - MicrosoftFluentUI/AvatarView_mac (= 0.3.0)
    - MicrosoftFluentUI/BadgeField_ios (= 0.3.0)
    - MicrosoftFluentUI/BarButtonItems_ios (= 0.3.0)
    - MicrosoftFluentUI/BottomCommanding_ios (= 0.3.0)
    - MicrosoftFluentUI/BottomSheet_ios (= 0.3.0)
    - MicrosoftFluentUI/Button_ios (= 0.3.0)
    - MicrosoftFluentUI/Button_mac (= 0.3.0)
    - MicrosoftFluentUI/Calendar_ios (= 0.3.0)
    - MicrosoftFluentUI/Card_ios (= 0.3.0)
    - MicrosoftFluentUI/CommandBar_ios (= 0.3.0)
    - MicrosoftFluentUI/Core_ios (= 0.3.0)
    - MicrosoftFluentUI/Core_mac (= 0.3.0)
    - MicrosoftFluentUI/DatePicker_mac (= 0.3.0)
    - MicrosoftFluentUI/DotView_ios (= 0.3.0)
    - MicrosoftFluentUI/Drawer_ios (= 0.3.0)
    - MicrosoftFluentUI/DynamicColor_mac (= 0.3.0)
    - MicrosoftFluentUI/EasyTapButton_ios (= 0.3.0)
    - MicrosoftFluentUI/HUD_ios (= 0.3.0)
    - MicrosoftFluentUI/IndeterminateProgressBar_ios (= 0.3.0)
    - MicrosoftFluentUI/Label_ios (= 0.3.0)
    - MicrosoftFluentUI/Link_mac (= 0.3.0)
    - MicrosoftFluentUI/Navigation_ios (= 0.3.0)
    - MicrosoftFluentUI/Notification_ios (= 0.3.0)
    - MicrosoftFluentUI/Obscurable_ios (= 0.3.0)
    - MicrosoftFluentUI/OtherCells_ios (= 0.3.0)
    - MicrosoftFluentUI/PeoplePicker_ios (= 0.3.0)
    - MicrosoftFluentUI/PillButtonBar_ios (= 0.3.0)
    - MicrosoftFluentUI/PopupMenu_ios (= 0.3.0)
    - MicrosoftFluentUI/Presenters_ios (= 0.3.0)
    - MicrosoftFluentUI/ResizingHandleView_ios (= 0.3.0)
    - MicrosoftFluentUI/ScrollView_ios (= 0.3.0)
    - MicrosoftFluentUI/SegmentedControl_ios (= 0.3.0)
    - MicrosoftFluentUI/Separator_ios (= 0.3.0)
    - MicrosoftFluentUI/Separator_mac (= 0.3.0)
    - MicrosoftFluentUI/Shimmer_ios (= 0.3.0)
    - MicrosoftFluentUI/TabBar_ios (= 0.3.0)
    - MicrosoftFluentUI/TableView_ios (= 0.3.0)
    - MicrosoftFluentUI/Tooltip_ios (= 0.3.0)
    - MicrosoftFluentUI/TouchForwardingView_ios (= 0.3.0)
    - MicrosoftFluentUI/TwoLineTitleView_ios (= 0.3.0)
    - MicrosoftFluentUI/Utilities_ios (= 0.3.0)
  - MicrosoftFluentUI/Appearance_mac (0.3.0)
  - MicrosoftFluentUI/AvatarView_mac (0.3.0):
    - MicrosoftFluentUI/Core_mac
    - MicrosoftFluentUI/DynamicColor_mac
  - MicrosoftFluentUI/Button_mac (0.3.0):
    - MicrosoftFluentUI/Core_mac
  - MicrosoftFluentUI/Core_mac (0.3.0)
  - MicrosoftFluentUI/DatePicker_mac (0.3.0):
    - MicrosoftFluentUI/Appearance_mac
    - MicrosoftFluentUI/Core_mac
  - MicrosoftFluentUI/DynamicColor_mac (0.3.0):
    - MicrosoftFluentUI/Appearance_mac
  - MicrosoftFluentUI/Link_mac (0.3.0):
    - MicrosoftFluentUI/Core_mac
  - MicrosoftFluentUI/Separator_mac (0.3.0):
    - MicrosoftFluentUI/Core_mac
  - RCT-Folly (2020.01.13.00):
    - boost-for-react-native
    - DoubleConversion
    - glog
    - RCT-Folly/Default (= 2020.01.13.00)
  - RCT-Folly/Default (2020.01.13.00):
    - boost-for-react-native
    - DoubleConversion
    - glog
  - RCTFocusZone (0.8.0):
    - React
  - RCTRequired (0.64.14)
  - RCTTypeSafety (0.64.14):
    - FBLazyVector (= 0.64.14)
    - RCT-Folly (= 2020.01.13.00)
    - RCTRequired (= 0.64.14)
    - React-Core (= 0.64.14)
  - React (0.64.14):
    - React-Core (= 0.64.14)
    - React-Core/DevSupport (= 0.64.14)
    - React-Core/RCTWebSocket (= 0.64.14)
    - React-RCTActionSheet (= 0.64.14)
    - React-RCTAnimation (= 0.64.14)
    - React-RCTBlob (= 0.64.14)
    - React-RCTImage (= 0.64.14)
    - React-RCTLinking (= 0.64.14)
    - React-RCTNetwork (= 0.64.14)
    - React-RCTSettings (= 0.64.14)
    - React-RCTText (= 0.64.14)
    - React-RCTVibration (= 0.64.14)
  - React-callinvoker (0.64.14)
  - React-Core (0.64.14):
    - glog
    - RCT-Folly (= 2020.01.13.00)
    - React-Core/Default (= 0.64.14)
    - React-cxxreact (= 0.64.14)
    - React-jsi (= 0.64.14)
    - React-jsiexecutor (= 0.64.14)
    - React-perflogger (= 0.64.14)
    - Yoga
  - React-Core/CoreModulesHeaders (0.64.14):
    - glog
    - RCT-Folly (= 2020.01.13.00)
    - React-Core/Default
    - React-cxxreact (= 0.64.14)
    - React-jsi (= 0.64.14)
    - React-jsiexecutor (= 0.64.14)
    - React-perflogger (= 0.64.14)
    - Yoga
  - React-Core/Default (0.64.14):
    - glog
    - RCT-Folly (= 2020.01.13.00)
    - React-cxxreact (= 0.64.14)
    - React-jsi (= 0.64.14)
    - React-jsiexecutor (= 0.64.14)
    - React-perflogger (= 0.64.14)
    - Yoga
  - React-Core/DevSupport (0.64.14):
    - glog
    - RCT-Folly (= 2020.01.13.00)
    - React-Core/Default (= 0.64.14)
    - React-Core/RCTWebSocket (= 0.64.14)
    - React-cxxreact (= 0.64.14)
    - React-jsi (= 0.64.14)
    - React-jsiexecutor (= 0.64.14)
    - React-jsinspector (= 0.64.14)
    - React-perflogger (= 0.64.14)
    - Yoga
  - React-Core/RCTActionSheetHeaders (0.64.14):
    - glog
    - RCT-Folly (= 2020.01.13.00)
    - React-Core/Default
    - React-cxxreact (= 0.64.14)
    - React-jsi (= 0.64.14)
    - React-jsiexecutor (= 0.64.14)
    - React-perflogger (= 0.64.14)
    - Yoga
  - React-Core/RCTAnimationHeaders (0.64.14):
    - glog
    - RCT-Folly (= 2020.01.13.00)
    - React-Core/Default
    - React-cxxreact (= 0.64.14)
    - React-jsi (= 0.64.14)
    - React-jsiexecutor (= 0.64.14)
    - React-perflogger (= 0.64.14)
    - Yoga
  - React-Core/RCTBlobHeaders (0.64.14):
    - glog
    - RCT-Folly (= 2020.01.13.00)
    - React-Core/Default
    - React-cxxreact (= 0.64.14)
    - React-jsi (= 0.64.14)
    - React-jsiexecutor (= 0.64.14)
    - React-perflogger (= 0.64.14)
    - Yoga
  - React-Core/RCTImageHeaders (0.64.14):
    - glog
    - RCT-Folly (= 2020.01.13.00)
    - React-Core/Default
    - React-cxxreact (= 0.64.14)
    - React-jsi (= 0.64.14)
    - React-jsiexecutor (= 0.64.14)
    - React-perflogger (= 0.64.14)
    - Yoga
  - React-Core/RCTLinkingHeaders (0.64.14):
    - glog
    - RCT-Folly (= 2020.01.13.00)
    - React-Core/Default
    - React-cxxreact (= 0.64.14)
    - React-jsi (= 0.64.14)
    - React-jsiexecutor (= 0.64.14)
    - React-perflogger (= 0.64.14)
    - Yoga
  - React-Core/RCTNetworkHeaders (0.64.14):
    - glog
    - RCT-Folly (= 2020.01.13.00)
    - React-Core/Default
    - React-cxxreact (= 0.64.14)
    - React-jsi (= 0.64.14)
    - React-jsiexecutor (= 0.64.14)
    - React-perflogger (= 0.64.14)
    - Yoga
  - React-Core/RCTSettingsHeaders (0.64.14):
    - glog
    - RCT-Folly (= 2020.01.13.00)
    - React-Core/Default
    - React-cxxreact (= 0.64.14)
    - React-jsi (= 0.64.14)
    - React-jsiexecutor (= 0.64.14)
    - React-perflogger (= 0.64.14)
    - Yoga
  - React-Core/RCTTextHeaders (0.64.14):
    - glog
    - RCT-Folly (= 2020.01.13.00)
    - React-Core/Default
    - React-cxxreact (= 0.64.14)
    - React-jsi (= 0.64.14)
    - React-jsiexecutor (= 0.64.14)
    - React-perflogger (= 0.64.14)
    - Yoga
  - React-Core/RCTVibrationHeaders (0.64.14):
    - glog
    - RCT-Folly (= 2020.01.13.00)
    - React-Core/Default
    - React-cxxreact (= 0.64.14)
    - React-jsi (= 0.64.14)
    - React-jsiexecutor (= 0.64.14)
    - React-perflogger (= 0.64.14)
    - Yoga
  - React-Core/RCTWebSocket (0.64.14):
    - glog
    - RCT-Folly (= 2020.01.13.00)
    - React-Core/Default (= 0.64.14)
    - React-cxxreact (= 0.64.14)
    - React-jsi (= 0.64.14)
    - React-jsiexecutor (= 0.64.14)
    - React-perflogger (= 0.64.14)
    - Yoga
  - React-CoreModules (0.64.14):
    - FBReactNativeSpec (= 0.64.14)
    - RCT-Folly (= 2020.01.13.00)
    - RCTTypeSafety (= 0.64.14)
    - React-Core/CoreModulesHeaders (= 0.64.14)
    - React-jsi (= 0.64.14)
    - React-RCTImage (= 0.64.14)
    - ReactCommon/turbomodule/core (= 0.64.14)
  - React-cxxreact (0.64.14):
    - boost-for-react-native (= 1.63.0)
    - DoubleConversion
    - glog
    - RCT-Folly (= 2020.01.13.00)
    - React-callinvoker (= 0.64.14)
    - React-jsi (= 0.64.14)
    - React-jsinspector (= 0.64.14)
    - React-perflogger (= 0.64.14)
    - React-runtimeexecutor (= 0.64.14)
  - React-jsi (0.64.14):
    - boost-for-react-native (= 1.63.0)
    - DoubleConversion
    - glog
    - RCT-Folly (= 2020.01.13.00)
    - React-jsi/Default (= 0.64.14)
  - React-jsi/Default (0.64.14):
    - boost-for-react-native (= 1.63.0)
    - DoubleConversion
    - glog
    - RCT-Folly (= 2020.01.13.00)
  - React-jsiexecutor (0.64.14):
    - DoubleConversion
    - glog
    - RCT-Folly (= 2020.01.13.00)
    - React-cxxreact (= 0.64.14)
    - React-jsi (= 0.64.14)
    - React-perflogger (= 0.64.14)
  - React-jsinspector (0.64.14)
  - React-perflogger (0.64.14)
  - React-RCTActionSheet (0.64.14):
    - React-Core/RCTActionSheetHeaders (= 0.64.14)
  - React-RCTAnimation (0.64.14):
    - FBReactNativeSpec (= 0.64.14)
    - RCT-Folly (= 2020.01.13.00)
    - RCTTypeSafety (= 0.64.14)
    - React-Core/RCTAnimationHeaders (= 0.64.14)
    - React-jsi (= 0.64.14)
    - ReactCommon/turbomodule/core (= 0.64.14)
  - React-RCTBlob (0.64.14):
    - FBReactNativeSpec (= 0.64.14)
    - RCT-Folly (= 2020.01.13.00)
    - React-Core/RCTBlobHeaders (= 0.64.14)
    - React-Core/RCTWebSocket (= 0.64.14)
    - React-jsi (= 0.64.14)
    - React-RCTNetwork (= 0.64.14)
    - ReactCommon/turbomodule/core (= 0.64.14)
  - React-RCTImage (0.64.14):
    - FBReactNativeSpec (= 0.64.14)
    - RCT-Folly (= 2020.01.13.00)
    - RCTTypeSafety (= 0.64.14)
    - React-Core/RCTImageHeaders (= 0.64.14)
    - React-jsi (= 0.64.14)
    - React-RCTNetwork (= 0.64.14)
    - ReactCommon/turbomodule/core (= 0.64.14)
  - React-RCTLinking (0.64.14):
    - FBReactNativeSpec (= 0.64.14)
    - React-Core/RCTLinkingHeaders (= 0.64.14)
    - React-jsi (= 0.64.14)
    - ReactCommon/turbomodule/core (= 0.64.14)
  - React-RCTNetwork (0.64.14):
    - FBReactNativeSpec (= 0.64.14)
    - RCT-Folly (= 2020.01.13.00)
    - RCTTypeSafety (= 0.64.14)
    - React-Core/RCTNetworkHeaders (= 0.64.14)
    - React-jsi (= 0.64.14)
    - ReactCommon/turbomodule/core (= 0.64.14)
  - React-RCTSettings (0.64.14):
    - FBReactNativeSpec (= 0.64.14)
    - RCT-Folly (= 2020.01.13.00)
    - RCTTypeSafety (= 0.64.14)
    - React-Core/RCTSettingsHeaders (= 0.64.14)
    - React-jsi (= 0.64.14)
    - ReactCommon/turbomodule/core (= 0.64.14)
  - React-RCTText (0.64.14):
    - React-Core/RCTTextHeaders (= 0.64.14)
  - React-RCTVibration (0.64.14):
    - FBReactNativeSpec (= 0.64.14)
    - RCT-Folly (= 2020.01.13.00)
    - React-Core/RCTVibrationHeaders (= 0.64.14)
    - React-jsi (= 0.64.14)
    - ReactCommon/turbomodule/core (= 0.64.14)
  - React-runtimeexecutor (0.64.14):
    - React-jsi (= 0.64.14)
  - ReactCommon/turbomodule/core (0.64.14):
    - DoubleConversion
    - glog
    - RCT-Folly (= 2020.01.13.00)
    - React-callinvoker (= 0.64.14)
    - React-Core (= 0.64.14)
    - React-cxxreact (= 0.64.14)
    - React-jsi (= 0.64.14)
    - React-perflogger (= 0.64.14)
  - ReactTestApp-DevSupport (0.9.16):
    - React-Core
    - React-jsi
  - ReactTestApp-Resources (1.0.0-dev)
  - RNCPicker (1.16.8):
    - React-Core
  - RNSVG (12.1.1):
    - React
  - SwiftLint (0.43.1)
  - Yoga (1.14.0)

DEPENDENCIES:
  - boost-for-react-native (from `../../../node_modules/react-native-macos/third-party-podspecs/boost-for-react-native.podspec`)
  - DoubleConversion (from `../../../node_modules/react-native-macos/third-party-podspecs/DoubleConversion.podspec`)
  - FBLazyVector (from `../../../node_modules/react-native-macos/Libraries/FBLazyVector`)
  - FBReactNativeSpec (from `../../../node_modules/react-native-macos/React/FBReactNativeSpec`)
  - FRNAvatar (from `../../../packages/experimental/Avatar/FRNAvatar.podspec`)
  - FRNCallout (from `../../../packages/components/Callout/FRNCallout.podspec`)
  - FRNCheckbox (from `../../../packages/experimental/Checkbox/FRNCheckbox.podspec`)
  - FRNMenuButton (from `../../../packages/components/MenuButton/FRNMenuButton.podspec`)
  - FRNRadioButton (from `../../../packages/components/RadioGroup/FRNRadioButton.podspec`)
  - glog (from `../../../node_modules/react-native-macos/third-party-podspecs/glog.podspec`)
  - RCT-Folly (from `../../../node_modules/react-native-macos/third-party-podspecs/RCT-Folly.podspec`)
  - RCTFocusZone (from `../../../packages/components/FocusZone/RCTFocusZone.podspec`)
  - RCTRequired (from `../../../node_modules/react-native-macos/Libraries/RCTRequired`)
  - RCTTypeSafety (from `../../../node_modules/react-native-macos/Libraries/TypeSafety`)
  - React (from `../../../node_modules/react-native-macos/`)
  - React-callinvoker (from `../../../node_modules/react-native-macos/ReactCommon/callinvoker`)
  - React-Core (from `../../../node_modules/react-native-macos/`)
  - React-Core/DevSupport (from `../../../node_modules/react-native-macos/`)
  - React-Core/RCTWebSocket (from `../../../node_modules/react-native-macos/`)
  - React-CoreModules (from `../../../node_modules/react-native-macos/React/CoreModules`)
  - React-cxxreact (from `../../../node_modules/react-native-macos/ReactCommon/cxxreact`)
  - React-jsi (from `../../../node_modules/react-native-macos/ReactCommon/jsi`)
  - React-jsiexecutor (from `../../../node_modules/react-native-macos/ReactCommon/jsiexecutor`)
  - React-jsinspector (from `../../../node_modules/react-native-macos/ReactCommon/jsinspector`)
  - React-perflogger (from `../../../node_modules/react-native-macos/ReactCommon/reactperflogger`)
  - React-RCTActionSheet (from `../../../node_modules/react-native-macos/Libraries/ActionSheetIOS`)
  - React-RCTAnimation (from `../../../node_modules/react-native-macos/Libraries/NativeAnimation`)
  - React-RCTBlob (from `../../../node_modules/react-native-macos/Libraries/Blob`)
  - React-RCTImage (from `../../../node_modules/react-native-macos/Libraries/Image`)
  - React-RCTLinking (from `../../../node_modules/react-native-macos/Libraries/LinkingIOS`)
  - React-RCTNetwork (from `../../../node_modules/react-native-macos/Libraries/Network`)
  - React-RCTSettings (from `../../../node_modules/react-native-macos/Libraries/Settings`)
  - React-RCTText (from `../../../node_modules/react-native-macos/Libraries/Text`)
  - React-RCTVibration (from `../../../node_modules/react-native-macos/Libraries/Vibration`)
  - React-runtimeexecutor (from `../../../node_modules/react-native-macos/ReactCommon/runtimeexecutor`)
  - ReactCommon/turbomodule/core (from `../../../node_modules/react-native-macos/ReactCommon`)
  - ReactTestApp-DevSupport (from `../../../node_modules/react-native-test-app`)
  - ReactTestApp-Resources (from `..`)
  - "RNCPicker (from `../../../node_modules/@react-native-picker/picker`)"
  - RNSVG (from `../../../node_modules/react-native-svg`)
  - SwiftLint
  - Yoga (from `../../../node_modules/react-native-macos/ReactCommon/yoga`)

SPEC REPOS:
  trunk:
    - MicrosoftFluentUI
    - SwiftLint

EXTERNAL SOURCES:
  boost-for-react-native:
    :podspec: "../../../node_modules/react-native-macos/third-party-podspecs/boost-for-react-native.podspec"
  DoubleConversion:
    :podspec: "../../../node_modules/react-native-macos/third-party-podspecs/DoubleConversion.podspec"
  FBLazyVector:
    :path: "../../../node_modules/react-native-macos/Libraries/FBLazyVector"
  FBReactNativeSpec:
    :path: "../../../node_modules/react-native-macos/React/FBReactNativeSpec"
  FRNAvatar:
    :path: "../../../packages/experimental/Avatar/FRNAvatar.podspec"
  FRNCallout:
    :path: "../../../packages/components/Callout/FRNCallout.podspec"
  FRNCheckbox:
    :path: "../../../packages/experimental/Checkbox/FRNCheckbox.podspec"
  FRNMenuButton:
    :path: "../../../packages/components/MenuButton/FRNMenuButton.podspec"
  FRNRadioButton:
    :path: "../../../packages/components/RadioGroup/FRNRadioButton.podspec"
  glog:
    :podspec: "../../../node_modules/react-native-macos/third-party-podspecs/glog.podspec"
  RCT-Folly:
    :podspec: "../../../node_modules/react-native-macos/third-party-podspecs/RCT-Folly.podspec"
  RCTFocusZone:
    :path: "../../../packages/components/FocusZone/RCTFocusZone.podspec"
  RCTRequired:
    :path: "../../../node_modules/react-native-macos/Libraries/RCTRequired"
  RCTTypeSafety:
    :path: "../../../node_modules/react-native-macos/Libraries/TypeSafety"
  React:
    :path: "../../../node_modules/react-native-macos/"
  React-callinvoker:
    :path: "../../../node_modules/react-native-macos/ReactCommon/callinvoker"
  React-Core:
    :path: "../../../node_modules/react-native-macos/"
  React-CoreModules:
    :path: "../../../node_modules/react-native-macos/React/CoreModules"
  React-cxxreact:
    :path: "../../../node_modules/react-native-macos/ReactCommon/cxxreact"
  React-jsi:
    :path: "../../../node_modules/react-native-macos/ReactCommon/jsi"
  React-jsiexecutor:
    :path: "../../../node_modules/react-native-macos/ReactCommon/jsiexecutor"
  React-jsinspector:
    :path: "../../../node_modules/react-native-macos/ReactCommon/jsinspector"
  React-perflogger:
    :path: "../../../node_modules/react-native-macos/ReactCommon/reactperflogger"
  React-RCTActionSheet:
    :path: "../../../node_modules/react-native-macos/Libraries/ActionSheetIOS"
  React-RCTAnimation:
    :path: "../../../node_modules/react-native-macos/Libraries/NativeAnimation"
  React-RCTBlob:
    :path: "../../../node_modules/react-native-macos/Libraries/Blob"
  React-RCTImage:
    :path: "../../../node_modules/react-native-macos/Libraries/Image"
  React-RCTLinking:
    :path: "../../../node_modules/react-native-macos/Libraries/LinkingIOS"
  React-RCTNetwork:
    :path: "../../../node_modules/react-native-macos/Libraries/Network"
  React-RCTSettings:
    :path: "../../../node_modules/react-native-macos/Libraries/Settings"
  React-RCTText:
    :path: "../../../node_modules/react-native-macos/Libraries/Text"
  React-RCTVibration:
    :path: "../../../node_modules/react-native-macos/Libraries/Vibration"
  React-runtimeexecutor:
    :path: "../../../node_modules/react-native-macos/ReactCommon/runtimeexecutor"
  ReactCommon:
    :path: "../../../node_modules/react-native-macos/ReactCommon"
  ReactTestApp-DevSupport:
    :path: "../../../node_modules/react-native-test-app"
  ReactTestApp-Resources:
    :path: ".."
  RNCPicker:
    :path: "../../../node_modules/@react-native-picker/picker"
  RNSVG:
    :path: "../../../node_modules/react-native-svg"
  Yoga:
    :path: "../../../node_modules/react-native-macos/ReactCommon/yoga"

SPEC CHECKSUMS:
  boost-for-react-native: d5ad1140010aa8cb622323a781ecbeab4425d19a
  DoubleConversion: 0ea4559a49682230337df966e735d6cc7760108e
  FBLazyVector: 54b0b353a19db053cc037451ecd8060b03703779
  FBReactNativeSpec: e6bfefb210153c648c73791493561b4731f34db6
  FRNAvatar: 0428d40426e812920dab291f6d49c1f5b981391a
  FRNCallout: 2c142e11629f97fb56d5c33bfa7b4227ca35cf1b
  FRNCheckbox: 0a55a3b3be9325f6ae3d9819d422cc40159ea302
  FRNMenuButton: 0be2eed5de64a6a3b8d4e8bd72c2400d5ec7badf
  FRNRadioButton: b39e1e0234758f1e2e1fb7cc20af46cda4c1aa8c
  glog: 0dc7efada961c0793012970b60faebbd58b0decb
  MicrosoftFluentUI: b98d877a2122804132365aa167944f58ef4adb69
  RCT-Folly: b3998425a8ee9f695f57a204dc494534246f0fe9
  RCTFocusZone: c218fc9fe24da09e94582bea518cfe0f35488c10
  RCTRequired: cdbab69b8c393735711d3a009b8585d86678fb20
  RCTTypeSafety: f05485788ac8a6dcc0da42f18314626cc1cec708
  React: d5617749fbc2e379f54bc307fdafe13723de28e3
  React-callinvoker: d8594fb1e07ffe28cb4df0bb9b61c73981d68565
  React-Core: 4f3893230afb72aa1f43ed34f686935f677aeafc
  React-CoreModules: 40fcf609b9bcda5f31532bff36407c6567828586
  React-cxxreact: 6cfea28bf8116d9ad4979679df6ca718ecafc6b2
  React-jsi: 0258a38999f7e9173f32c2a16edf58da72918c9c
  React-jsiexecutor: 38c0980e37ad82addf6324ef5603743b88af7596
  React-jsinspector: 81279adfc41c1c35c333d1519e800f691d4f8adb
  React-perflogger: dd8fd65d01d111aaf0a6b8a8a06c8a47382e4f2b
  React-RCTActionSheet: 55b2c7fdc235efbdd5ef649fe5f3779ca3deebbc
  React-RCTAnimation: 3a37b8feccdc7694d0aed0db92248c223b65e456
  React-RCTBlob: 86e3b72bc2946354645db0b5f5f4e29cc3414dc9
  React-RCTImage: 3959ff336b6f387ec795d7bea95e354507f4288e
  React-RCTLinking: 1b00e8814dc70a7b1155d25cfa1609d22d263277
  React-RCTNetwork: fb8b615488104d3f29a30a9d463ee4fd2bbeeeb8
  React-RCTSettings: 879ea1733a72834f9e250ee29972e625bca9aed5
  React-RCTText: d01383be250ff8014538f588e8dbfec0499620b0
  React-RCTVibration: 44be04f924bbcdb0d415eefb2bfc4ab5a0378d83
  React-runtimeexecutor: 02dae2be6de9c6d2d9d7308a2bcccdf1f8886565
  ReactCommon: c6a5e2eb2346fec57df0a5b46fae705b3fc7a656
  ReactTestApp-DevSupport: 56413d35b490409d734a4ef3d16e3177c5cf3361
  ReactTestApp-Resources: 4397038d4bf3b15e109ade7ce4a7df489d172bee
  RNCPicker: 0991c56da7815c0cf946d6f63cf920b25296e5f6
  RNSVG: 551acb6562324b1d52a4e0758f7ca0ec234e278f
  SwiftLint: 99f82d07b837b942dd563c668de129a03fc3fb52
  Yoga: f3aec8dd6ae8787468f9d305afc8b5bcd5630e43

PODFILE CHECKSUM: 568704fb95966cf7ad6daa54a1d36eb2d5c3bba6

COCOAPODS: 1.11.2
