PODS:
  - boost (1.76.0)
  - boost-for-react-native (1.63.0)
  - DoubleConversion (1.1.6)
  - FBLazyVector (0.66.60)
  - FBReactNativeSpec (0.66.60):
    - RCT-Folly (= 2021.06.28.00-v2)
    - RCTRequired (= 0.66.60)
    - RCTTypeSafety (= 0.66.60)
    - React-Core (= 0.66.60)
    - React-jsi (= 0.66.60)
    - ReactCommon/turbomodule/core (= 0.66.60)
  - fmt (6.2.1)
  - FRNAvatar (0.16.0):
    - MicrosoftFluentUI (= 0.5.2)
    - MicrosoftFluentUI/Avatar_ios (= 0.5.2)
    - React
  - FRNCallout (0.21.0):
    - React
  - FRNCheckbox (0.12.2):
    - React
  - FRNMenuButton (0.8.5):
    - React
  - FRNRadioButton (0.15.0):
    - React
  - glog (0.3.5)
  - MicrosoftFluentUI (0.5.2):
    - MicrosoftFluentUI/ActivityIndicator_ios (= 0.5.2)
    - MicrosoftFluentUI/Appearance_mac (= 0.5.2)
    - MicrosoftFluentUI/Avatar_ios (= 0.5.2)
    - MicrosoftFluentUI/AvatarGroup_ios (= 0.5.2)
    - MicrosoftFluentUI/AvatarView_mac (= 0.5.2)
    - MicrosoftFluentUI/BadgeField_ios (= 0.5.2)
    - MicrosoftFluentUI/BadgeView_mac (= 0.5.2)
    - MicrosoftFluentUI/BarButtonItems_ios (= 0.5.2)
    - MicrosoftFluentUI/BottomCommanding_ios (= 0.5.2)
    - MicrosoftFluentUI/BottomSheet_ios (= 0.5.2)
    - MicrosoftFluentUI/Button_ios (= 0.5.2)
    - MicrosoftFluentUI/Button_mac (= 0.5.2)
    - MicrosoftFluentUI/Calendar_ios (= 0.5.2)
    - MicrosoftFluentUI/Card_ios (= 0.5.2)
    - MicrosoftFluentUI/CardNudge_ios (= 0.5.2)
    - MicrosoftFluentUI/CommandBar_ios (= 0.5.2)
    - MicrosoftFluentUI/Core_ios (= 0.5.2)
    - MicrosoftFluentUI/Core_mac (= 0.5.2)
    - MicrosoftFluentUI/DatePicker_mac (= 0.5.2)
    - MicrosoftFluentUI/DotView_ios (= 0.5.2)
    - MicrosoftFluentUI/Drawer_ios (= 0.5.2)
    - MicrosoftFluentUI/DynamicColor_mac (= 0.5.2)
    - MicrosoftFluentUI/EasyTapButton_ios (= 0.5.2)
    - MicrosoftFluentUI/HUD_ios (= 0.5.2)
    - MicrosoftFluentUI/IndeterminateProgressBar_ios (= 0.5.2)
    - MicrosoftFluentUI/Label_ios (= 0.5.2)
    - MicrosoftFluentUI/Link_mac (= 0.5.2)
    - MicrosoftFluentUI/Navigation_ios (= 0.5.2)
    - MicrosoftFluentUI/Notification_ios (= 0.5.2)
    - MicrosoftFluentUI/Obscurable_ios (= 0.5.2)
    - MicrosoftFluentUI/OtherCells_ios (= 0.5.2)
    - MicrosoftFluentUI/PeoplePicker_ios (= 0.5.2)
    - MicrosoftFluentUI/PersonaButton_ios (= 0.5.2)
    - MicrosoftFluentUI/PersonaButtonCarousel_ios (= 0.5.2)
    - MicrosoftFluentUI/PillButtonBar_ios (= 0.5.2)
    - MicrosoftFluentUI/PopupMenu_ios (= 0.5.2)
    - MicrosoftFluentUI/Presenters_ios (= 0.5.2)
    - MicrosoftFluentUI/ResizingHandleView_ios (= 0.5.2)
    - MicrosoftFluentUI/SegmentedControl_ios (= 0.5.2)
    - MicrosoftFluentUI/Separator_ios (= 0.5.2)
    - MicrosoftFluentUI/Separator_mac (= 0.5.2)
    - MicrosoftFluentUI/Shimmer_ios (= 0.5.2)
    - MicrosoftFluentUI/TabBar_ios (= 0.5.2)
    - MicrosoftFluentUI/TableView_ios (= 0.5.2)
    - MicrosoftFluentUI/Tooltip_ios (= 0.5.2)
    - MicrosoftFluentUI/TouchForwardingView_ios (= 0.5.2)
    - MicrosoftFluentUI/TwoLineTitleView_ios (= 0.5.2)
    - MicrosoftFluentUI/Utilities_ios (= 0.5.2)
  - MicrosoftFluentUI/Appearance_mac (0.5.2)
  - MicrosoftFluentUI/AvatarView_mac (0.5.2):
    - MicrosoftFluentUI/Core_mac
    - MicrosoftFluentUI/DynamicColor_mac
  - MicrosoftFluentUI/BadgeView_mac (0.5.2):
    - MicrosoftFluentUI/Core_mac
    - MicrosoftFluentUI/DynamicColor_mac
  - MicrosoftFluentUI/Button_mac (0.5.2):
    - MicrosoftFluentUI/Core_mac
  - MicrosoftFluentUI/Core_mac (0.5.2)
  - MicrosoftFluentUI/DatePicker_mac (0.5.2):
    - MicrosoftFluentUI/Appearance_mac
    - MicrosoftFluentUI/Core_mac
  - MicrosoftFluentUI/DynamicColor_mac (0.5.2):
    - MicrosoftFluentUI/Appearance_mac
  - MicrosoftFluentUI/Link_mac (0.5.2):
    - MicrosoftFluentUI/Core_mac
  - MicrosoftFluentUI/Separator_mac (0.5.2):
    - MicrosoftFluentUI/Core_mac
  - RCT-Folly (2021.06.28.00-v2):
    - boost
    - DoubleConversion
    - fmt (~> 6.2.1)
    - glog
    - RCT-Folly/Default (= 2021.06.28.00-v2)
  - RCT-Folly/Default (2021.06.28.00-v2):
    - boost
    - DoubleConversion
    - fmt (~> 6.2.1)
    - glog
  - RCTFocusZone (0.10.0):
    - React
  - RCTRequired (0.66.60)
  - RCTTypeSafety (0.66.60):
    - FBLazyVector (= 0.66.60)
    - RCT-Folly (= 2021.06.28.00-v2)
    - RCTRequired (= 0.66.60)
    - React-Core (= 0.66.60)
  - React (0.66.60):
    - React-Core (= 0.66.60)
    - React-Core/DevSupport (= 0.66.60)
    - React-Core/RCTWebSocket (= 0.66.60)
    - React-RCTActionSheet (= 0.66.60)
    - React-RCTAnimation (= 0.66.60)
    - React-RCTBlob (= 0.66.60)
    - React-RCTImage (= 0.66.60)
    - React-RCTLinking (= 0.66.60)
    - React-RCTNetwork (= 0.66.60)
    - React-RCTSettings (= 0.66.60)
    - React-RCTText (= 0.66.60)
    - React-RCTVibration (= 0.66.60)
  - React-callinvoker (0.66.60)
  - React-Core (0.66.60):
    - glog
    - RCT-Folly (= 2021.06.28.00-v2)
    - React-Core/Default (= 0.66.60)
    - React-cxxreact (= 0.66.60)
    - React-jsi (= 0.66.60)
    - React-jsiexecutor (= 0.66.60)
    - React-perflogger (= 0.66.60)
    - Yoga
  - React-Core/CoreModulesHeaders (0.66.60):
    - glog
    - RCT-Folly (= 2021.06.28.00-v2)
    - React-Core/Default
    - React-cxxreact (= 0.66.60)
    - React-jsi (= 0.66.60)
    - React-jsiexecutor (= 0.66.60)
    - React-perflogger (= 0.66.60)
    - Yoga
  - React-Core/Default (0.66.60):
    - glog
    - RCT-Folly (= 2021.06.28.00-v2)
    - React-cxxreact (= 0.66.60)
    - React-jsi (= 0.66.60)
    - React-jsiexecutor (= 0.66.60)
    - React-perflogger (= 0.66.60)
    - Yoga
  - React-Core/DevSupport (0.66.60):
    - glog
    - RCT-Folly (= 2021.06.28.00-v2)
    - React-Core/Default (= 0.66.60)
    - React-Core/RCTWebSocket (= 0.66.60)
    - React-cxxreact (= 0.66.60)
    - React-jsi (= 0.66.60)
    - React-jsiexecutor (= 0.66.60)
    - React-jsinspector (= 0.66.60)
    - React-perflogger (= 0.66.60)
    - Yoga
  - React-Core/RCTActionSheetHeaders (0.66.60):
    - glog
    - RCT-Folly (= 2021.06.28.00-v2)
    - React-Core/Default
    - React-cxxreact (= 0.66.60)
    - React-jsi (= 0.66.60)
    - React-jsiexecutor (= 0.66.60)
    - React-perflogger (= 0.66.60)
    - Yoga
  - React-Core/RCTAnimationHeaders (0.66.60):
    - glog
    - RCT-Folly (= 2021.06.28.00-v2)
    - React-Core/Default
    - React-cxxreact (= 0.66.60)
    - React-jsi (= 0.66.60)
    - React-jsiexecutor (= 0.66.60)
    - React-perflogger (= 0.66.60)
    - Yoga
  - React-Core/RCTBlobHeaders (0.66.60):
    - glog
    - RCT-Folly (= 2021.06.28.00-v2)
    - React-Core/Default
    - React-cxxreact (= 0.66.60)
    - React-jsi (= 0.66.60)
    - React-jsiexecutor (= 0.66.60)
    - React-perflogger (= 0.66.60)
    - Yoga
  - React-Core/RCTImageHeaders (0.66.60):
    - glog
    - RCT-Folly (= 2021.06.28.00-v2)
    - React-Core/Default
    - React-cxxreact (= 0.66.60)
    - React-jsi (= 0.66.60)
    - React-jsiexecutor (= 0.66.60)
    - React-perflogger (= 0.66.60)
    - Yoga
  - React-Core/RCTLinkingHeaders (0.66.60):
    - glog
    - RCT-Folly (= 2021.06.28.00-v2)
    - React-Core/Default
    - React-cxxreact (= 0.66.60)
    - React-jsi (= 0.66.60)
    - React-jsiexecutor (= 0.66.60)
    - React-perflogger (= 0.66.60)
    - Yoga
  - React-Core/RCTNetworkHeaders (0.66.60):
    - glog
    - RCT-Folly (= 2021.06.28.00-v2)
    - React-Core/Default
    - React-cxxreact (= 0.66.60)
    - React-jsi (= 0.66.60)
    - React-jsiexecutor (= 0.66.60)
    - React-perflogger (= 0.66.60)
    - Yoga
  - React-Core/RCTSettingsHeaders (0.66.60):
    - glog
    - RCT-Folly (= 2021.06.28.00-v2)
    - React-Core/Default
    - React-cxxreact (= 0.66.60)
    - React-jsi (= 0.66.60)
    - React-jsiexecutor (= 0.66.60)
    - React-perflogger (= 0.66.60)
    - Yoga
  - React-Core/RCTTextHeaders (0.66.60):
    - glog
    - RCT-Folly (= 2021.06.28.00-v2)
    - React-Core/Default
    - React-cxxreact (= 0.66.60)
    - React-jsi (= 0.66.60)
    - React-jsiexecutor (= 0.66.60)
    - React-perflogger (= 0.66.60)
    - Yoga
  - React-Core/RCTVibrationHeaders (0.66.60):
    - glog
    - RCT-Folly (= 2021.06.28.00-v2)
    - React-Core/Default
    - React-cxxreact (= 0.66.60)
    - React-jsi (= 0.66.60)
    - React-jsiexecutor (= 0.66.60)
    - React-perflogger (= 0.66.60)
    - Yoga
  - React-Core/RCTWebSocket (0.66.60):
    - glog
    - RCT-Folly (= 2021.06.28.00-v2)
    - React-Core/Default (= 0.66.60)
    - React-cxxreact (= 0.66.60)
    - React-jsi (= 0.66.60)
    - React-jsiexecutor (= 0.66.60)
    - React-perflogger (= 0.66.60)
    - Yoga
  - React-CoreModules (0.66.60):
    - FBReactNativeSpec (= 0.66.60)
    - RCT-Folly (= 2021.06.28.00-v2)
    - RCTTypeSafety (= 0.66.60)
    - React-Core/CoreModulesHeaders (= 0.66.60)
    - React-jsi (= 0.66.60)
    - React-RCTImage (= 0.66.60)
    - ReactCommon/turbomodule/core (= 0.66.60)
  - React-cxxreact (0.66.60):
    - boost (= 1.76.0)
    - DoubleConversion
    - glog
    - RCT-Folly (= 2021.06.28.00-v2)
    - React-callinvoker (= 0.66.60)
    - React-jsi (= 0.66.60)
    - React-jsinspector (= 0.66.60)
    - React-logger (= 0.66.60)
    - React-perflogger (= 0.66.60)
    - React-runtimeexecutor (= 0.66.60)
  - React-jsi (0.66.60):
    - boost (= 1.76.0)
    - DoubleConversion
    - glog
    - RCT-Folly (= 2021.06.28.00-v2)
    - React-jsi/Default (= 0.66.60)
  - React-jsi/Default (0.66.60):
    - boost (= 1.76.0)
    - DoubleConversion
    - glog
    - RCT-Folly (= 2021.06.28.00-v2)
  - React-jsiexecutor (0.66.60):
    - DoubleConversion
    - glog
    - RCT-Folly (= 2021.06.28.00-v2)
    - React-cxxreact (= 0.66.60)
    - React-jsi (= 0.66.60)
    - React-perflogger (= 0.66.60)
  - React-jsinspector (0.66.60)
  - React-logger (0.66.60):
    - glog
  - React-perflogger (0.66.60)
  - React-RCTActionSheet (0.66.60):
    - React-Core/RCTActionSheetHeaders (= 0.66.60)
  - React-RCTAnimation (0.66.60):
    - FBReactNativeSpec (= 0.66.60)
    - RCT-Folly (= 2021.06.28.00-v2)
    - RCTTypeSafety (= 0.66.60)
    - React-Core/RCTAnimationHeaders (= 0.66.60)
    - React-jsi (= 0.66.60)
    - ReactCommon/turbomodule/core (= 0.66.60)
  - React-RCTBlob (0.66.60):
    - FBReactNativeSpec (= 0.66.60)
    - RCT-Folly (= 2021.06.28.00-v2)
    - React-Core/RCTBlobHeaders (= 0.66.60)
    - React-Core/RCTWebSocket (= 0.66.60)
    - React-jsi (= 0.66.60)
    - React-RCTNetwork (= 0.66.60)
    - ReactCommon/turbomodule/core (= 0.66.60)
  - React-RCTImage (0.66.60):
    - FBReactNativeSpec (= 0.66.60)
    - RCT-Folly (= 2021.06.28.00-v2)
    - RCTTypeSafety (= 0.66.60)
    - React-Core/RCTImageHeaders (= 0.66.60)
    - React-jsi (= 0.66.60)
    - React-RCTNetwork (= 0.66.60)
    - ReactCommon/turbomodule/core (= 0.66.60)
  - React-RCTLinking (0.66.60):
    - FBReactNativeSpec (= 0.66.60)
    - React-Core/RCTLinkingHeaders (= 0.66.60)
    - React-jsi (= 0.66.60)
    - ReactCommon/turbomodule/core (= 0.66.60)
  - React-RCTNetwork (0.66.60):
    - FBReactNativeSpec (= 0.66.60)
    - RCT-Folly (= 2021.06.28.00-v2)
    - RCTTypeSafety (= 0.66.60)
    - React-Core/RCTNetworkHeaders (= 0.66.60)
    - React-jsi (= 0.66.60)
    - ReactCommon/turbomodule/core (= 0.66.60)
  - React-RCTSettings (0.66.60):
    - FBReactNativeSpec (= 0.66.60)
    - RCT-Folly (= 2021.06.28.00-v2)
    - RCTTypeSafety (= 0.66.60)
    - React-Core/RCTSettingsHeaders (= 0.66.60)
    - React-jsi (= 0.66.60)
    - ReactCommon/turbomodule/core (= 0.66.60)
  - React-RCTText (0.66.60):
    - React-Core/RCTTextHeaders (= 0.66.60)
  - React-RCTVibration (0.66.60):
    - FBReactNativeSpec (= 0.66.60)
    - RCT-Folly (= 2021.06.28.00-v2)
    - React-Core/RCTVibrationHeaders (= 0.66.60)
    - React-jsi (= 0.66.60)
    - ReactCommon/turbomodule/core (= 0.66.60)
  - React-runtimeexecutor (0.66.60):
    - React-jsi (= 0.66.60)
  - ReactCommon/turbomodule/core (0.66.60):
    - DoubleConversion
    - glog
    - RCT-Folly (= 2021.06.28.00-v2)
    - React-callinvoker (= 0.66.60)
    - React-Core (= 0.66.60)
    - React-cxxreact (= 0.66.60)
    - React-jsi (= 0.66.60)
    - React-logger (= 0.66.60)
    - React-perflogger (= 0.66.60)
  - ReactTestApp-DevSupport (1.4.6):
    - React-Core
    - React-jsi
  - ReactTestApp-Resources (1.0.0-dev)
  - RNCPicker (2.4.2):
    - React-Core
  - RNSVG (12.3.0):
    - React-Core
  - Yoga (1.14.0)

DEPENDENCIES:
  - boost (from `../../../node_modules/react-native-macos/third-party-podspecs/boost.podspec`)
  - boost-for-react-native (from `../../../node_modules/react-native-macos/third-party-podspecs/boost-for-react-native.podspec`)
  - DoubleConversion (from `../../../node_modules/react-native-macos/third-party-podspecs/DoubleConversion.podspec`)
  - FBLazyVector (from `../../../node_modules/react-native-macos/Libraries/FBLazyVector`)
  - FBReactNativeSpec (from `../../../node_modules/react-native-macos/React/FBReactNativeSpec`)
  - FRNAvatar (from `../../../packages/experimental/Avatar/FRNAvatar.podspec`)
  - FRNCallout (from `../../../packages/components/Callout/FRNCallout.podspec`)
  - FRNCheckbox (from `../../../packages/experimental/Checkbox/FRNCheckbox.podspec`)
  - FRNMenuButton (from `../../../packages/components/MenuButton/FRNMenuButton.podspec`)
  - FRNRadioButton (from `../../../packages/components/RadioGroup/FRNRadioButton.podspec`)
  - glog (from `../../../node_modules/react-native-macos/third-party-podspecs/glog.podspec`)
  - RCT-Folly (from `../../../node_modules/react-native-macos/third-party-podspecs/RCT-Folly.podspec`)
  - RCTFocusZone (from `../../../packages/components/FocusZone/RCTFocusZone.podspec`)
  - RCTRequired (from `../../../node_modules/react-native-macos/Libraries/RCTRequired`)
  - RCTTypeSafety (from `../../../node_modules/react-native-macos/Libraries/TypeSafety`)
  - React (from `../../../node_modules/react-native-macos/`)
  - React-callinvoker (from `../../../node_modules/react-native-macos/ReactCommon/callinvoker`)
  - React-Core (from `../../../node_modules/react-native-macos/`)
  - React-Core/DevSupport (from `../../../node_modules/react-native-macos/`)
  - React-Core/RCTWebSocket (from `../../../node_modules/react-native-macos/`)
  - React-CoreModules (from `../../../node_modules/react-native-macos/React/CoreModules`)
  - React-cxxreact (from `../../../node_modules/react-native-macos/ReactCommon/cxxreact`)
  - React-jsi (from `../../../node_modules/react-native-macos/ReactCommon/jsi`)
  - React-jsiexecutor (from `../../../node_modules/react-native-macos/ReactCommon/jsiexecutor`)
  - React-jsinspector (from `../../../node_modules/react-native-macos/ReactCommon/jsinspector`)
  - React-logger (from `../../../node_modules/react-native-macos/ReactCommon/logger`)
  - React-perflogger (from `../../../node_modules/react-native-macos/ReactCommon/reactperflogger`)
  - React-RCTActionSheet (from `../../../node_modules/react-native-macos/Libraries/ActionSheetIOS`)
  - React-RCTAnimation (from `../../../node_modules/react-native-macos/Libraries/NativeAnimation`)
  - React-RCTBlob (from `../../../node_modules/react-native-macos/Libraries/Blob`)
  - React-RCTImage (from `../../../node_modules/react-native-macos/Libraries/Image`)
  - React-RCTLinking (from `../../../node_modules/react-native-macos/Libraries/LinkingIOS`)
  - React-RCTNetwork (from `../../../node_modules/react-native-macos/Libraries/Network`)
  - React-RCTSettings (from `../../../node_modules/react-native-macos/Libraries/Settings`)
  - React-RCTText (from `../../../node_modules/react-native-macos/Libraries/Text`)
  - React-RCTVibration (from `../../../node_modules/react-native-macos/Libraries/Vibration`)
  - React-runtimeexecutor (from `../../../node_modules/react-native-macos/ReactCommon/runtimeexecutor`)
  - ReactCommon/turbomodule/core (from `../../../node_modules/react-native-macos/ReactCommon`)
  - ReactTestApp-DevSupport (from `../../../node_modules/react-native-test-app`)
  - ReactTestApp-Resources (from `..`)
  - "RNCPicker (from `../../../node_modules/@react-native-picker/picker`)"
  - RNSVG (from `../../../node_modules/react-native-svg`)
  - Yoga (from `../../../node_modules/react-native-macos/ReactCommon/yoga`)

SPEC REPOS:
  trunk:
    - fmt
    - MicrosoftFluentUI

EXTERNAL SOURCES:
  boost:
    :podspec: "../../../node_modules/react-native-macos/third-party-podspecs/boost.podspec"
  boost-for-react-native:
    :podspec: "../../../node_modules/react-native-macos/third-party-podspecs/boost-for-react-native.podspec"
  DoubleConversion:
    :podspec: "../../../node_modules/react-native-macos/third-party-podspecs/DoubleConversion.podspec"
  FBLazyVector:
    :path: "../../../node_modules/react-native-macos/Libraries/FBLazyVector"
  FBReactNativeSpec:
    :path: "../../../node_modules/react-native-macos/React/FBReactNativeSpec"
  FRNAvatar:
    :path: "../../../packages/experimental/Avatar/FRNAvatar.podspec"
  FRNCallout:
    :path: "../../../packages/components/Callout/FRNCallout.podspec"
  FRNCheckbox:
    :path: "../../../packages/experimental/Checkbox/FRNCheckbox.podspec"
  FRNMenuButton:
    :path: "../../../packages/components/MenuButton/FRNMenuButton.podspec"
  FRNRadioButton:
    :path: "../../../packages/components/RadioGroup/FRNRadioButton.podspec"
  glog:
    :podspec: "../../../node_modules/react-native-macos/third-party-podspecs/glog.podspec"
  RCT-Folly:
    :podspec: "../../../node_modules/react-native-macos/third-party-podspecs/RCT-Folly.podspec"
  RCTFocusZone:
    :path: "../../../packages/components/FocusZone/RCTFocusZone.podspec"
  RCTRequired:
    :path: "../../../node_modules/react-native-macos/Libraries/RCTRequired"
  RCTTypeSafety:
    :path: "../../../node_modules/react-native-macos/Libraries/TypeSafety"
  React:
    :path: "../../../node_modules/react-native-macos/"
  React-callinvoker:
    :path: "../../../node_modules/react-native-macos/ReactCommon/callinvoker"
  React-Core:
    :path: "../../../node_modules/react-native-macos/"
  React-CoreModules:
    :path: "../../../node_modules/react-native-macos/React/CoreModules"
  React-cxxreact:
    :path: "../../../node_modules/react-native-macos/ReactCommon/cxxreact"
  React-jsi:
    :path: "../../../node_modules/react-native-macos/ReactCommon/jsi"
  React-jsiexecutor:
    :path: "../../../node_modules/react-native-macos/ReactCommon/jsiexecutor"
  React-jsinspector:
    :path: "../../../node_modules/react-native-macos/ReactCommon/jsinspector"
  React-logger:
    :path: "../../../node_modules/react-native-macos/ReactCommon/logger"
  React-perflogger:
    :path: "../../../node_modules/react-native-macos/ReactCommon/reactperflogger"
  React-RCTActionSheet:
    :path: "../../../node_modules/react-native-macos/Libraries/ActionSheetIOS"
  React-RCTAnimation:
    :path: "../../../node_modules/react-native-macos/Libraries/NativeAnimation"
  React-RCTBlob:
    :path: "../../../node_modules/react-native-macos/Libraries/Blob"
  React-RCTImage:
    :path: "../../../node_modules/react-native-macos/Libraries/Image"
  React-RCTLinking:
    :path: "../../../node_modules/react-native-macos/Libraries/LinkingIOS"
  React-RCTNetwork:
    :path: "../../../node_modules/react-native-macos/Libraries/Network"
  React-RCTSettings:
    :path: "../../../node_modules/react-native-macos/Libraries/Settings"
  React-RCTText:
    :path: "../../../node_modules/react-native-macos/Libraries/Text"
  React-RCTVibration:
    :path: "../../../node_modules/react-native-macos/Libraries/Vibration"
  React-runtimeexecutor:
    :path: "../../../node_modules/react-native-macos/ReactCommon/runtimeexecutor"
  ReactCommon:
    :path: "../../../node_modules/react-native-macos/ReactCommon"
  ReactTestApp-DevSupport:
    :path: "../../../node_modules/react-native-test-app"
  ReactTestApp-Resources:
    :path: ".."
  RNCPicker:
    :path: "../../../node_modules/@react-native-picker/picker"
  RNSVG:
    :path: "../../../node_modules/react-native-svg"
  Yoga:
    :path: "../../../node_modules/react-native-macos/ReactCommon/yoga"

SPEC CHECKSUMS:
  boost: 613e39eac4239cc72b15421247b5ab05361266a2
  boost-for-react-native: 8f7c9ecfe357664c072ffbe2432569667cbf1f1b
  DoubleConversion: ed15e075aa758ac0e4c1f8b830bd4e4d40d669e8
  FBLazyVector: 32d2fc7dba43116e724d716c8d695b342d9c27cf
  FBReactNativeSpec: 9293ad934f3722cfe02332fc9383dd0a66072038
  fmt: ff9d55029c625d3757ed641535fd4a75fedc7ce9
  FRNAvatar: 827ebe75e839ce442c88cc6a23940aa614ca7946
  FRNCallout: 9457c30fa1714c715908e8527ceea18ac3766047
  FRNCheckbox: 4d91fba4c10913109d45c64909d5023fa00ea3e7
  FRNMenuButton: 89e1fa4f61be0f2a399eaa5a728aca62f32e6fe0
  FRNRadioButton: 62a5f69a928df0aa9c2e0bdbe64c9c6c2d874249
  glog: 42c4bf47024808486e90b25ea9e5ac3959047641
  MicrosoftFluentUI: 2f4c624fd4606aa2392c09be69a45e297a41f593
  RCT-Folly: 43adc9ce880eb76792f88c011773cb5c664c1419
  RCTFocusZone: 1784b033ecfe09ae0e325164b1bf4502e5fe152e
  RCTRequired: 72d931643dd5c55bcb3c80ee02d931b6b4a23fe5
  RCTTypeSafety: c75d6024655d294501bbf2d5432d440b25390cee
  React: e35ef6d43828f69a2ec9372608b2fa1dbacc9313
  React-callinvoker: d09519bb2f5f3917238e08dd2722d3f530189475
  React-Core: bb3e4c9a85939d4ca389e2473f5a58de7077c177
  React-CoreModules: ebb8de501639d8471d20e55bc966273cacc3892b
  React-cxxreact: 419f74f903c6b0969875a2bdc1ee0a3129414668
  React-jsi: ed9726ac296d684e7655ddecc46757deab125020
  React-jsiexecutor: 1512ff576675045c781b99be14ec257a59b07100
  React-jsinspector: 145d3d7ff700b3a2713e4443f6d1efc7927db3a5
  React-logger: 69cecbc86e4621f02ab34b642d78ea3f5b61300e
  React-perflogger: 959b0917d388fcf0e37eb01e7d01cb11e8c36f5f
  React-RCTActionSheet: c181c88d23632791a00e84a0e75e604d67e2f94d
  React-RCTAnimation: 7e39ff7ed1a7943ddebad7403a9f9c0148cec4f4
  React-RCTBlob: 4c92d608b8fccd1fedcba8f57566833c29703ee0
  React-RCTImage: 55e5b86705b187fed5430e91099e0395e9be43a6
  React-RCTLinking: e6934ca0e81cdb609af1913680ad8252d8fc6c8a
  React-RCTNetwork: 88a6c09f9b89850b53e217c32c188930e73cff57
  React-RCTSettings: e5cd8a242280b371a9c8770c35f1219afabe0508
  React-RCTText: 2033d56635d117fb0b5247bd8689edc59a0ddb27
  React-RCTVibration: 6524873d7c8862650677cb35062ffdf1ecca67e9
  React-runtimeexecutor: b0b83f1c6282917483a59dd9262c6f6a04a08f1d
  ReactCommon: b0ea136d9b75db619d07bf02ee0653ce4248c829
  ReactTestApp-DevSupport: cd2670f54856f1ee273585fe2498b1a32ad47d3f
  ReactTestApp-Resources: 8c0164a3cc5052418c92018e2af0e05d564aa307
  RNCPicker: 0250e95ad170569a96f5b0555cdd5e65b9084dca
  RNSVG: 302bfc9905bd8122f08966dc2ce2d07b7b52b9f8
  Yoga: ee53639e611ce152d8eec9f6c7bfc7d456f41da2

PODFILE CHECKSUM: 568704fb95966cf7ad6daa54a1d36eb2d5c3bba6

COCOAPODS: 1.11.3
